{
	"name": "@liquality/ethereum-wallet-connect-provider",
	"version": "0.4.28",
	"lockfileVersion": 1,
	"requires": true,
	"dependencies": {
		"@babel/runtime": {
			"version": "7.4.3",
			"resolved": "https://registry.npmjs.org/@babel/runtime/-/runtime-7.4.3.tgz",
			"integrity": "sha512-9lsJwJLxDh/T3Q3SZszfWOTkk3pHbkmH+3KY+zwIDmsNlxsumuhS2TH3NIpktU4kNvfzy+k3eLT7aTJSPTo0OA==",
			"requires": {
				"regenerator-runtime": "^0.13.2"
			}
		},
		"@ethersproject/address": {
			"version": "5.0.0-beta.134",
			"resolved": "https://registry.npmjs.org/@ethersproject/address/-/address-5.0.0-beta.134.tgz",
			"integrity": "sha512-FHhUVJTUIg2pXvOOhIt8sB1cQbcwrzZKzf9CPV7JM1auli20nGoYhyMFYGK7u++GXzTMJduIkU1OwlIBupewDw==",
			"requires": {
				"@ethersproject/bignumber": ">=5.0.0-beta.130",
				"@ethersproject/bytes": ">=5.0.0-beta.129",
				"@ethersproject/keccak256": ">=5.0.0-beta.127",
				"@ethersproject/logger": ">=5.0.0-beta.129",
				"@ethersproject/rlp": ">=5.0.0-beta.126",
				"bn.js": "^4.4.0"
			}
		},
		"@ethersproject/bignumber": {
			"version": "5.0.0-beta.138",
			"resolved": "https://registry.npmjs.org/@ethersproject/bignumber/-/bignumber-5.0.0-beta.138.tgz",
			"integrity": "sha512-DTlOEJw6jAFz7/qkY8p4mPGGHVwgYUUC5rk1Pbg2/gR/gHPFDim+uBY+XGavh0QSWd1i3hXKafVPre92j4fs5g==",
			"requires": {
				"@ethersproject/bytes": ">=5.0.0-beta.129",
				"@ethersproject/logger": ">=5.0.0-beta.129",
				"@ethersproject/properties": ">=5.0.0-beta.131",
				"bn.js": "^4.4.0"
			}
		},
		"@ethersproject/bytes": {
			"version": "5.0.0-beta.136",
			"resolved": "https://registry.npmjs.org/@ethersproject/bytes/-/bytes-5.0.0-beta.136.tgz",
			"integrity": "sha512-yoi5Ul16ScMHVNsf+oCDGaAnj+rtXxITcneXPeDl8h0rk1VNIqb1WKKvooD5WtM0oAglyauuDahHIF+4+5G/Sg==",
			"requires": {
				"@ethersproject/logger": ">=5.0.0-beta.129"
			}
		},
		"@ethersproject/constants": {
			"version": "5.0.0-beta.133",
			"resolved": "https://registry.npmjs.org/@ethersproject/constants/-/constants-5.0.0-beta.133.tgz",
			"integrity": "sha512-VCTpk3AF00mlWQw1vg+fI6qCo0qO5EVWK574t4HNBKW6X748jc9UJPryKUz9JgZ64ZQupyLM92wHilsG/YTpNQ==",
			"requires": {
				"@ethersproject/bignumber": ">=5.0.0-beta.130"
			}
		},
		"@ethersproject/keccak256": {
			"version": "5.0.0-beta.131",
			"resolved": "https://registry.npmjs.org/@ethersproject/keccak256/-/keccak256-5.0.0-beta.131.tgz",
			"integrity": "sha512-KQnqMwGV0IMOjAr/UTFO8DuLrmN1uaMvcV3zh9hiXhh3rCuY+WXdeUh49w1VQ94kBKmaP0qfGb7z4SdhUWUHjw==",
			"requires": {
				"@ethersproject/bytes": ">=5.0.0-beta.129",
				"js-sha3": "0.5.7"
			}
		},
		"@ethersproject/logger": {
			"version": "5.0.0-beta.137",
			"resolved": "https://registry.npmjs.org/@ethersproject/logger/-/logger-5.0.0-beta.137.tgz",
			"integrity": "sha512-H36iMhWOY+tco1+o2NZUdQT8Gc6Y9795RSPgvluatvjvyt3X6mHtWXes4F8Rc5N/95px++a/ODYVSkSmlr68+A=="
		},
		"@ethersproject/properties": {
			"version": "5.0.0-beta.139",
			"resolved": "https://registry.npmjs.org/@ethersproject/properties/-/properties-5.0.0-beta.139.tgz",
			"integrity": "sha512-IFMEWxWkx8ATeGtY56pnHXK40eJgfO9UeEsK/24Qzwyl5jA5Lhz6OoElaW3UG5LLupHmLoRuLyuG1WNg2olC3A==",
			"requires": {
				"@ethersproject/logger": ">=5.0.0-beta.129"
			}
		},
		"@ethersproject/rlp": {
			"version": "5.0.0-beta.132",
			"resolved": "https://registry.npmjs.org/@ethersproject/rlp/-/rlp-5.0.0-beta.132.tgz",
			"integrity": "sha512-P2oZkSMMazvMB0OaOM9GJnmLzHHSeCKqOp9bPAAY/rb65ICdtNjQMRYhOwinBFabrdV2z5TKWpwA9KIBkI0rTg==",
			"requires": {
				"@ethersproject/bytes": ">=5.0.0-beta.129",
				"@ethersproject/logger": ">=5.0.0-beta.129"
			}
		},
		"@ethersproject/strings": {
			"version": "5.0.0-beta.136",
			"resolved": "https://registry.npmjs.org/@ethersproject/strings/-/strings-5.0.0-beta.136.tgz",
			"integrity": "sha512-Hb9RvTrgGcOavHvtQZz+AuijB79BO3g1cfF2MeMfCU9ID4j3mbZv/olzDMS2pK9r4aERJpAS94AmlWzCgoY2LQ==",
			"requires": {
				"@ethersproject/bytes": ">=5.0.0-beta.129",
				"@ethersproject/constants": ">=5.0.0-beta.128",
				"@ethersproject/logger": ">=5.0.0-beta.129"
			}
		},
		"@liquality/crypto": {
			"version": "0.4.29",
			"resolved": "https://registry.npmjs.org/@liquality/crypto/-/crypto-0.4.29.tgz",
			"integrity": "sha512-b5C4FkCLZpqKFrKyqUqbGUEIhlRWy4XhPP5jRADQNBIujc0chk8PApJZy5Ww6RxYFP30mEOP9ORy1n5PEQqR2g==",
			"requires": {
				"@babel/runtime": "^7.4.3",
				"bech32": "^1.1.3",
				"bs58": "^4.0.1",
				"crypto-hashing": "^1.0.0"
			}
		},
		"@liquality/errors": {
			"version": "0.4.29",
			"resolved": "https://registry.npmjs.org/@liquality/errors/-/errors-0.4.29.tgz",
			"integrity": "sha512-u/DFNydemm098S5d38yyV26NoYzCeCy/7FzoRD9c2F5QJHBeotwjcv270BrfojMJEAXNoxguSJWiLewlrLap6w==",
			"requires": {
				"@babel/runtime": "^7.4.3",
				"standard-error": "^1.1.0"
			}
		},
		"@liquality/ethereum-networks": {
			"version": "0.4.29",
			"resolved": "https://registry.npmjs.org/@liquality/ethereum-networks/-/ethereum-networks-0.4.29.tgz",
			"integrity": "sha512-eOfJzdRvBTUKj2d3L7m8Q+r5v71KoO2U5SXaH6HmRmaxAzhEMqXQaT//Sl/StLcH8OfuBRvnWYcfaZgPqcuGEA==",
			"requires": {
				"@babel/runtime": "^7.4.3"
			}
		},
		"@liquality/ethereum-utils": {
			"version": "0.4.29",
			"resolved": "https://registry.npmjs.org/@liquality/ethereum-utils/-/ethereum-utils-0.4.29.tgz",
			"integrity": "sha512-NpyCUqQl4iVSDFcw02dDnVxuM0FCRDlqZT6qhSwD9iNxjOzFmhDNCTE03jiyqy/rOX50S6aRyIT/1FFj7bmIpg==",
			"requires": {
				"@babel/runtime": "^7.4.3",
				"@liquality/crypto": "^0.4.29",
				"@liquality/schema": "^0.4.29",
				"eip55": "^1.0.3"
			}
		},
		"@liquality/provider": {
			"version": "0.4.29",
			"resolved": "https://registry.npmjs.org/@liquality/provider/-/provider-0.4.29.tgz",
			"integrity": "sha512-BB1SSXYOxPKZPlcg3hT6hC9NF8087bYE4zOsCd0sFRQtfX2dfCNBoUHzIdBiV+H2+yiJcprMX6HYrLfyYAhorA==",
			"requires": {
				"@babel/runtime": "^7.4.3"
			}
		},
		"@liquality/schema": {
			"version": "0.4.29",
			"resolved": "https://registry.npmjs.org/@liquality/schema/-/schema-0.4.29.tgz",
			"integrity": "sha512-Tk06ZzbYrFHoAGj0G1Iibs5xDklIVk+rQiI/DKvNGzi5EVrkzdfgld8cA9+Z5mNEMtXc/lvAWt8t9SSXxHy9BQ==",
			"requires": {
				"@babel/runtime": "^7.4.3"
			}
		},
		"@liquality/utils": {
			"version": "0.4.29",
			"resolved": "https://registry.npmjs.org/@liquality/utils/-/utils-0.4.29.tgz",
			"integrity": "sha512-VJsf8UeSoF/U+/cUP2/fEAsRshZnqVPaXGV27pBPzSUndl4g0zWpKl3y2Qblj/NZNyTZk0iafxd5zdcIiXDDSA==",
			"requires": {
				"@babel/runtime": "^7.4.3"
			}
		},
		"@walletconnect/browser": {
			"version": "1.0.0-beta.47",
			"resolved": "https://registry.npmjs.org/@walletconnect/browser/-/browser-1.0.0-beta.47.tgz",
			"integrity": "sha512-FFT6zqdMIGjjWIFjRY1p/RPeUs5F21YzhrbsSemLyxlRumyQQ3Wotnq8mAKRWPHSzgXkg/GxbTAzIkxciMeuUg==",
			"requires": {
				"@walletconnect/core": "^1.0.0-beta.47",
				"@walletconnect/types": "^1.0.0-beta.47",
				"@walletconnect/utils": "^1.0.0-beta.47"
			}
		},
		"@walletconnect/core": {
			"version": "1.0.0-beta.47",
			"resolved": "https://registry.npmjs.org/@walletconnect/core/-/core-1.0.0-beta.47.tgz",
			"integrity": "sha512-PdwW9E6kjFnNt11GO2W9gHQY2EIPLYT7qTxN9ZPl1F38v5cWzZBpDQAPQ1QlcJ2kHpZ6V6QDDc/0heEaR//z0Q==",
			"requires": {
				"@walletconnect/types": "^1.0.0-beta.47",
				"@walletconnect/utils": "^1.0.0-beta.47"
			}
		},
		"@walletconnect/qrcode-modal": {
			"version": "1.0.0-beta.47",
			"resolved": "https://registry.npmjs.org/@walletconnect/qrcode-modal/-/qrcode-modal-1.0.0-beta.47.tgz",
			"integrity": "sha512-FV3FDbbYeRsTarwWUq4pxjPNsmfZT5f+t8TIH1Uva23fiEG3PcjfWwXuGmoh4vADbtGx8ctO7hSs1Doegtd8KA==",
			"requires": {
				"qr-image": "3.2.0",
				"qrcode-terminal": "0.12.0"
			}
		},
		"@walletconnect/types": {
			"version": "1.0.0-beta.47",
			"resolved": "https://registry.npmjs.org/@walletconnect/types/-/types-1.0.0-beta.47.tgz",
			"integrity": "sha512-lxjBiNLLDOsyEaoB1nlBDrgznV0477udMfN4zvEuv+bNL+dxH27yQI1mM1VqIKIhrEaibjswLJGaweEMzgynoQ=="
		},
		"@walletconnect/utils": {
			"version": "1.0.0-beta.47",
			"resolved": "https://registry.npmjs.org/@walletconnect/utils/-/utils-1.0.0-beta.47.tgz",
			"integrity": "sha512-il8QKvf8AaYpW8xC9mjXBiOH8CkCeV5W7CZAIfVxuJ46WV4XyIAxhEKvF8zGWGKRjz4LjFj3r3l1nyrxeIkrMA==",
			"requires": {
				"@ethersproject/address": "5.0.0-beta.134",
				"@ethersproject/bytes": "5.0.0-beta.136",
				"@ethersproject/strings": "5.0.0-beta.136",
				"@walletconnect/types": "^1.0.0-beta.47",
				"bignumber.js": "9.0.0"
			},
			"dependencies": {
				"bignumber.js": {
					"version": "9.0.0",
					"resolved": "https://registry.npmjs.org/bignumber.js/-/bignumber.js-9.0.0.tgz",
					"integrity": "sha512-t/OYhhJ2SD+YGBQcjY8GzzDHEk9f3nerxjtfa6tlMXfe7frs/WozhvCNoGvpM0P3bNf3Gq5ZRMlGr5f3r4/N8A=="
				}
			}
		},
		"base-x": {
			"version": "3.0.8",
			"resolved": "https://registry.npmjs.org/base-x/-/base-x-3.0.8.tgz",
			"integrity": "sha512-Rl/1AWP4J/zRrk54hhlxH4drNxPJXYUaKffODVI53/dAsV4t9fBxyxYKAVPU1XBHxYwOWP9h9H0hM2MVw4YfJA==",
			"requires": {
				"safe-buffer": "^5.0.1"
			}
		},
		"bech32": {
			"version": "1.1.4",
			"resolved": "https://registry.npmjs.org/bech32/-/bech32-1.1.4.tgz",
			"integrity": "sha512-s0IrSOzLlbvX7yp4WBfPITzpAU8sqQcpsmwXDiKwrG4r491vwCO/XpejasRNl0piBMe/DvP4Tz0mIS/X1DPJBQ=="
		},
		"bignumber.js": {
			"version": "8.1.1",
			"resolved": "https://registry.npmjs.org/bignumber.js/-/bignumber.js-8.1.1.tgz",
			"integrity": "sha512-QD46ppGintwPGuL1KqmwhR0O+N2cZUg8JG/VzwI2e28sM9TqHjQB10lI4QAaMHVbLzwVLLAwEglpKPViWX+5NQ=="
		},
		"bindings": {
			"version": "1.5.0",
			"resolved": "https://registry.npmjs.org/bindings/-/bindings-1.5.0.tgz",
			"integrity": "sha512-p2q/t/mhvuOj/UeLlV6566GD/guowlr0hHxClI0W9m7MWYkL1F0hLo+0Aexs9HSPCtR1SXQ0TD3MMKrXZajbiQ==",
			"requires": {
				"file-uri-to-path": "1.0.0"
			}
		},
		"bn.js": {
			"version": "4.11.8",
			"resolved": "https://registry.npmjs.org/bn.js/-/bn.js-4.11.8.tgz",
			"integrity": "sha512-ItfYfPLkWHUjckQCk8xC+LwxgK8NYcXywGigJgSwOP8Y2iyWT4f2vsZnoOXTTbo+o5yXmIUJ4gn5538SO5S3gA=="
		},
		"bs58": {
			"version": "4.0.1",
			"resolved": "https://registry.npmjs.org/bs58/-/bs58-4.0.1.tgz",
			"integrity": "sha1-vhYedsNU9veIrkBx9j806MTwpCo=",
			"requires": {
				"base-x": "^3.0.2"
			}
		},
		"cipher-base": {
			"version": "1.0.4",
			"resolved": "https://registry.npmjs.org/cipher-base/-/cipher-base-1.0.4.tgz",
			"integrity": "sha512-Kkht5ye6ZGmwv40uUDZztayT2ThLQGfnj/T71N/XzeZeo3nf8foyW7zGTsPYkEya3m5f3cAypH+qe7YOrM1U2Q==",
			"requires": {
				"inherits": "^2.0.1",
				"safe-buffer": "^5.0.1"
			}
		},
		"create-hash": {
			"version": "1.2.0",
			"resolved": "https://registry.npmjs.org/create-hash/-/create-hash-1.2.0.tgz",
			"integrity": "sha512-z00bCGNHDG8mHAkP7CtT1qVu+bFQUPjYq/4Iv3C3kWjTFV10zIjfSoeqXo9Asws8gwSHDGj/hl2u4OGIjapeCg==",
			"requires": {
				"cipher-base": "^1.0.1",
				"inherits": "^2.0.1",
				"md5.js": "^1.3.4",
				"ripemd160": "^2.0.1",
				"sha.js": "^2.4.0"
			}
		},
		"crypto-hashing": {
			"version": "1.0.0",
			"resolved": "https://registry.npmjs.org/crypto-hashing/-/crypto-hashing-1.0.0.tgz",
			"integrity": "sha1-MOFnNxkUMJVToevrHL5nU7DIjKo=",
			"requires": {
				"create-hash": "^1.1.2"
			}
		},
		"eip55": {
			"version": "1.0.3",
			"resolved": "https://registry.npmjs.org/eip55/-/eip55-1.0.3.tgz",
			"integrity": "sha512-x1p4OJNlt0G3mPPZx9GgwOaLFvz8Wd4VFpkx3iNzW4SrakFnjjO4mDdmAJpETxJZp9SlNB4UFqDuFhElnX9K/Q==",
			"requires": {
				"keccak": "^1.3.0"
			}
		},
		"file-uri-to-path": {
			"version": "1.0.0",
			"resolved": "https://registry.npmjs.org/file-uri-to-path/-/file-uri-to-path-1.0.0.tgz",
			"integrity": "sha512-0Zt+s3L7Vf1biwWZ29aARiVYLx7iMGnEUl9x33fbB/j3jR81u/O2LbqK+Bm1CDSNDKVtJ/YjwY7TUd5SkeLQLw=="
		},
		"hash-base": {
			"version": "3.0.4",
			"resolved": "https://registry.npmjs.org/hash-base/-/hash-base-3.0.4.tgz",
			"integrity": "sha1-X8hoaEfs1zSZQDMZprCj8/auSRg=",
			"requires": {
				"inherits": "^2.0.1",
				"safe-buffer": "^5.0.1"
			}
		},
		"inherits": {
			"version": "2.0.4",
			"resolved": "https://registry.npmjs.org/inherits/-/inherits-2.0.4.tgz",
			"integrity": "sha512-k/vGaX4/Yla3WzyMCvTQOXYeIHvqOKtnqBduzTHpzpQZzAskKMhZ2K+EnBiSM9zGSoIFeMpXKxa4dYeZIQqewQ=="
		},
		"js-sha3": {
			"version": "0.5.7",
			"resolved": "https://registry.npmjs.org/js-sha3/-/js-sha3-0.5.7.tgz",
			"integrity": "sha1-DU/9gALVMzqrr0oj7tL2N0yfKOc="
		},
		"keccak": {
			"version": "1.4.0",
			"resolved": "https://registry.npmjs.org/keccak/-/keccak-1.4.0.tgz",
			"integrity": "sha512-eZVaCpblK5formjPjeTBik7TAg+pqnDrMHIffSvi9Lh7PQgM1+hSzakUeZFCk9DVVG0dacZJuaz2ntwlzZUIBw==",
			"requires": {
				"bindings": "^1.2.1",
				"inherits": "^2.0.3",
				"nan": "^2.2.1",
				"safe-buffer": "^5.1.0"
			}
		},
		"lodash": {
			"version": "4.17.15",
			"resolved": "https://registry.npmjs.org/lodash/-/lodash-4.17.15.tgz",
			"integrity": "sha512-8xOcRHvCjnocdS5cpwXQXVzmmh5e5+saE2QGoeQmbKmRS6J3VQppPOIt0MnmE+4xlZoumy0GPG0D0MVIQbNA1A=="
		},
		"md5.js": {
			"version": "1.3.5",
			"resolved": "https://registry.npmjs.org/md5.js/-/md5.js-1.3.5.tgz",
			"integrity": "sha512-xitP+WxNPcTTOgnTJcrhM0xvdPepipPSf3I8EIpGKeFLjt3PlJLIDG3u8EX53ZIubkb+5U2+3rELYpEhHhzdkg==",
			"requires": {
				"hash-base": "^3.0.0",
				"inherits": "^2.0.1",
				"safe-buffer": "^5.1.2"
			}
		},
		"nan": {
			"version": "2.14.1",
			"resolved": "https://registry.npmjs.org/nan/-/nan-2.14.1.tgz",
			"integrity": "sha512-isWHgVjnFjh2x2yuJ/tj3JbwoHu3UC2dX5G/88Cm24yB6YopVgxvBObDY7n5xW6ExmFhJpSEQqFPvq9zaXc8Jw=="
		},
		"qr-image": {
			"version": "3.2.0",
			"resolved": "https://registry.npmjs.org/qr-image/-/qr-image-3.2.0.tgz",
			"integrity": "sha1-n6gpW+rlDEoUnPn5CaHbRkqGcug="
		},
		"qrcode-terminal": {
			"version": "0.12.0",
			"resolved": "https://registry.npmjs.org/qrcode-terminal/-/qrcode-terminal-0.12.0.tgz",
			"integrity": "sha512-EXtzRZmC+YGmGlDFbXKxQiMZNwCLEO6BANKXG4iCtSIM0yqc/pappSx3RIKr4r0uh5JsBckOXeKrB3Iz7mdQpQ=="
		},
		"regenerator-runtime": {
			"version": "0.13.2",
			"resolved": "https://registry.npmjs.org/regenerator-runtime/-/regenerator-runtime-0.13.2.tgz",
			"integrity": "sha512-S/TQAZJO+D3m9xeN1WTI8dLKBBiRgXBlTJvbWjCThHWZj9EvHK70Ff50/tYj2J/fvBY6JtFVwRuazHN2E7M9BA=="
		},
		"ripemd160": {
			"version": "2.0.2",
			"resolved": "https://registry.npmjs.org/ripemd160/-/ripemd160-2.0.2.tgz",
			"integrity": "sha512-ii4iagi25WusVoiC4B4lq7pbXfAp3D9v5CwfkY33vffw2+pkDjY1D8GaN7spsxvCSx8dkPqOZCEZyfxcmJG2IA==",
			"requires": {
				"hash-base": "^3.0.0",
				"inherits": "^2.0.1"
			}
		},
		"safe-buffer": {
			"version": "5.2.0",
			"resolved": "https://registry.npmjs.org/safe-buffer/-/safe-buffer-5.2.0.tgz",
			"integrity": "sha512-fZEwUGbVl7kouZs1jCdMLdt95hdIv0ZeHg6L7qPeciMZhZ+/gdesW4wgTARkrFWEpspjEATAzUGPG8N2jJiwbg=="
		},
		"sha.js": {
			"version": "2.4.11",
			"resolved": "https://registry.npmjs.org/sha.js/-/sha.js-2.4.11.tgz",
			"integrity": "sha512-QMEp5B7cftE7APOjk5Y6xgrbWu+WkLVQwk8JNjZ8nKRciZaByEW6MubieAiToS7+dwvrjGhH8jRXz3MVd0AYqQ==",
			"requires": {
				"inherits": "^2.0.1",
				"safe-buffer": "^5.0.1"
			}
		},
		"standard-error": {
			"version": "1.1.0",
			"resolved": "https://registry.npmjs.org/standard-error/-/standard-error-1.1.0.tgz",
			"integrity": "sha1-I+UWj6HAggGJ5YEnAaeQWFENDTQ="
		}
	}
}
