{
	"name": "@liquality/wallet-provider",
	"version": "1.7.0",
	"lockfileVersion": 1,
	"requires": true,
	"dependencies": {
		"@babel/runtime": {
			"version": "7.12.13",
			"resolved": "https://registry.npmjs.org/@babel/runtime/-/runtime-7.12.13.tgz",
			"integrity": "sha512-8+3UMPBrjFa/6TtKi/7sehPKqfAm4g6K+YQjyyFOLUTxzOngcRZTlAVY8sc2CORJYqdHQY8gRPHmn+qo15rCBw==",
			"requires": {
				"regenerator-runtime": "^0.13.4"
			}
		},
		"@liquality/errors": {
			"version": "1.7.0",
			"resolved": "https://registry.npmjs.org/@liquality/errors/-/errors-1.7.0.tgz",
			"integrity": "sha512-D6OLR64dxIyFyRNmOXGznCQAO7aoLzNsrfMTYIPr/VdNbuZXMQyGlxxTSkm66uJoyLSY8/eZiRmyK1pMCC71WA==",
			"requires": {
				"@types/standard-error": "^1.1.0",
				"standard-error": "^1.1.0"
			}
		},
		"@liquality/provider": {
			"version": "1.7.0",
			"resolved": "https://registry.npmjs.org/@liquality/provider/-/provider-1.7.0.tgz",
			"integrity": "sha512-mi9A7qDNMN22D8u4IQyoXsFn0kSKULmqiJfOg6RbTxv86eP41NritYtWiwPYrYVKu+VfVWGTgcSRXnp/EJbT9A==",
			"requires": {
				"@liquality/types": "^1.7.0"
			}
		},
		"@liquality/types": {
			"version": "1.7.0",
			"resolved": "https://registry.npmjs.org/@liquality/types/-/types-1.7.0.tgz",
			"integrity": "sha512-CWinIWBfxuQjqVMbdLPP4WS9AKwnru/jftDko9DEOt4/T5uvFEroDgdbWqFivpdD3jee6TaEzGprRlqzdyQEWw==",
			"requires": {
				"bignumber.js": "^9.0.1"
			}
		},
		"@types/lodash": {
			"version": "4.14.168",
			"resolved": "https://registry.npmjs.org/@types/lodash/-/lodash-4.14.168.tgz",
			"integrity": "sha512-oVfRvqHV/V6D1yifJbVRU3TMp8OT6o6BG+U9MkwuJ3U8/CsDHvalRpsxBqivn71ztOFZBTfJMvETbqHiaNSj7Q==",
			"dev": true
		},
		"@types/standard-error": {
			"version": "1.1.0",
			"resolved": "https://registry.npmjs.org/@types/standard-error/-/standard-error-1.1.0.tgz",
			"integrity": "sha512-lZshsx/QFLUJcu9prwm3Gtsl+b38HAqO6XUGH8PGwSmiswQhscd2MKrfk3LX3W3HyvNVUKcpsiuhU9r8DX32ww=="
		},
		"bignumber.js": {
			"version": "9.0.1",
			"resolved": "https://registry.npmjs.org/bignumber.js/-/bignumber.js-9.0.1.tgz",
			"integrity": "sha512-IdZR9mh6ahOBv/hYGiXyVuyCetmGJhtYkqLBpTStdhEGjegpPlUawydyaF3pbIOFynJTpllEs+NP+CS9jKFLjA=="
		},
		"lodash": {
			"version": "4.17.21",
			"resolved": "https://registry.npmjs.org/lodash/-/lodash-4.17.21.tgz",
			"integrity": "sha512-v2kDEe57lecTulaDIuNTPy3Ry4gLGJ6Z1O3vE1krgXZNrsQ+LFTGHVxVjcXPs17LhbZVGedAJv8XZ1tvj5FvSg=="
		},
		"regenerator-runtime": {
			"version": "0.13.7",
			"resolved": "https://registry.npmjs.org/regenerator-runtime/-/regenerator-runtime-0.13.7.tgz",
			"integrity": "sha512-a54FxoJDIr27pgf7IgeQGxmqUNYrcV338lf/6gH456HZ/PhX+5BcwHXG9ajESmwe6WRO0tAzRUrRmNONWgkrew=="
		},
		"standard-error": {
			"version": "1.1.0",
			"resolved": "https://registry.npmjs.org/standard-error/-/standard-error-1.1.0.tgz",
			"integrity": "sha1-I+UWj6HAggGJ5YEnAaeQWFENDTQ="
		}
	}
}
