{
	"name": "@liquality/nft-erc1155-provider",
	"version": "1.12.0-next.0",
	"lockfileVersion": 1,
	"requires": true,
	"dependencies": {
		"@babel/runtime": {
			"version": "7.16.5",
			"resolved": "https://registry.npmjs.org/@babel/runtime/-/runtime-7.16.5.tgz",
			"integrity": "sha512-TXWihFIS3Pyv5hzR7j6ihmeLkZfrXGxAr5UfSl8CHf+6q/wpiYDkUau0czckpYG8QmnCIuPpdLtuA9VmuGGyMA==",
			"requires": {
				"regenerator-runtime": "^0.13.4"
			}
		},
		"@ethersproject/abstract-provider": {
			"version": "5.5.1",
			"resolved": "https://registry.npmjs.org/@ethersproject/abstract-provider/-/abstract-provider-5.5.1.tgz",
			"integrity": "sha512-m+MA/ful6eKbxpr99xUYeRvLkfnlqzrF8SZ46d/xFB1A7ZVknYc/sXJG0RcufF52Qn2jeFj1hhcoQ7IXjNKUqg==",
			"requires": {
				"@ethersproject/bignumber": "^5.5.0",
				"@ethersproject/bytes": "^5.5.0",
				"@ethersproject/logger": "^5.5.0",
				"@ethersproject/networks": "^5.5.0",
				"@ethersproject/properties": "^5.5.0",
				"@ethersproject/transactions": "^5.5.0",
				"@ethersproject/web": "^5.5.0"
			}
		},
		"@ethersproject/abstract-signer": {
			"version": "5.5.0",
			"resolved": "https://registry.npmjs.org/@ethersproject/abstract-signer/-/abstract-signer-5.5.0.tgz",
			"integrity": "sha512-lj//7r250MXVLKI7sVarXAbZXbv9P50lgmJQGr2/is82EwEb8r7HrxsmMqAjTsztMYy7ohrIhGMIml+Gx4D3mA==",
			"requires": {
				"@ethersproject/abstract-provider": "^5.5.0",
				"@ethersproject/bignumber": "^5.5.0",
				"@ethersproject/bytes": "^5.5.0",
				"@ethersproject/logger": "^5.5.0",
				"@ethersproject/properties": "^5.5.0"
			}
		},
		"@ethersproject/address": {
			"version": "5.5.0",
			"resolved": "https://registry.npmjs.org/@ethersproject/address/-/address-5.5.0.tgz",
			"integrity": "sha512-l4Nj0eWlTUh6ro5IbPTgbpT4wRbdH5l8CQf7icF7sb/SI3Nhd9Y9HzhonTSTi6CefI0necIw7LJqQPopPLZyWw==",
			"requires": {
				"@ethersproject/bignumber": "^5.5.0",
				"@ethersproject/bytes": "^5.5.0",
				"@ethersproject/keccak256": "^5.5.0",
				"@ethersproject/logger": "^5.5.0",
				"@ethersproject/rlp": "^5.5.0"
			}
		},
		"@ethersproject/base64": {
			"version": "5.5.0",
			"resolved": "https://registry.npmjs.org/@ethersproject/base64/-/base64-5.5.0.tgz",
			"integrity": "sha512-tdayUKhU1ljrlHzEWbStXazDpsx4eg1dBXUSI6+mHlYklOXoXF6lZvw8tnD6oVaWfnMxAgRSKROg3cVKtCcppA==",
			"requires": {
				"@ethersproject/bytes": "^5.5.0"
			}
		},
		"@ethersproject/bignumber": {
			"version": "5.5.0",
			"resolved": "https://registry.npmjs.org/@ethersproject/bignumber/-/bignumber-5.5.0.tgz",
			"integrity": "sha512-6Xytlwvy6Rn3U3gKEc1vP7nR92frHkv6wtVr95LFR3jREXiCPzdWxKQ1cx4JGQBXxcguAwjA8murlYN2TSiEbg==",
			"requires": {
				"@ethersproject/bytes": "^5.5.0",
				"@ethersproject/logger": "^5.5.0",
				"bn.js": "^4.11.9"
			}
		},
		"@ethersproject/bytes": {
			"version": "5.5.0",
			"resolved": "https://registry.npmjs.org/@ethersproject/bytes/-/bytes-5.5.0.tgz",
			"integrity": "sha512-ABvc7BHWhZU9PNM/tANm/Qx4ostPGadAuQzWTr3doklZOhDlmcBqclrQe/ZXUIj3K8wC28oYeuRa+A37tX9kog==",
			"requires": {
				"@ethersproject/logger": "^5.5.0"
			}
		},
		"@ethersproject/constants": {
			"version": "5.5.0",
			"resolved": "https://registry.npmjs.org/@ethersproject/constants/-/constants-5.5.0.tgz",
			"integrity": "sha512-2MsRRVChkvMWR+GyMGY4N1sAX9Mt3J9KykCsgUFd/1mwS0UH1qw+Bv9k1UJb3X3YJYFco9H20pjSlOIfCG5HYQ==",
			"requires": {
				"@ethersproject/bignumber": "^5.5.0"
			}
		},
		"@ethersproject/keccak256": {
			"version": "5.5.0",
			"resolved": "https://registry.npmjs.org/@ethersproject/keccak256/-/keccak256-5.5.0.tgz",
			"integrity": "sha512-5VoFCTjo2rYbBe1l2f4mccaRFN/4VQEYFwwn04aJV2h7qf4ZvI2wFxUE1XOX+snbwCLRzIeikOqtAoPwMza9kg==",
			"requires": {
				"@ethersproject/bytes": "^5.5.0",
				"js-sha3": "0.8.0"
			}
		},
		"@ethersproject/logger": {
			"version": "5.5.0",
			"resolved": "https://registry.npmjs.org/@ethersproject/logger/-/logger-5.5.0.tgz",
			"integrity": "sha512-rIY/6WPm7T8n3qS2vuHTUBPdXHl+rGxWxW5okDfo9J4Z0+gRRZT0msvUdIJkE4/HS29GUMziwGaaKO2bWONBrg=="
		},
		"@ethersproject/networks": {
			"version": "5.5.2",
			"resolved": "https://registry.npmjs.org/@ethersproject/networks/-/networks-5.5.2.tgz",
			"integrity": "sha512-NEqPxbGBfy6O3x4ZTISb90SjEDkWYDUbEeIFhJly0F7sZjoQMnj5KYzMSkMkLKZ+1fGpx00EDpHQCy6PrDupkQ==",
			"requires": {
				"@ethersproject/logger": "^5.5.0"
			}
		},
		"@ethersproject/properties": {
			"version": "5.5.0",
			"resolved": "https://registry.npmjs.org/@ethersproject/properties/-/properties-5.5.0.tgz",
			"integrity": "sha512-l3zRQg3JkD8EL3CPjNK5g7kMx4qSwiR60/uk5IVjd3oq1MZR5qUg40CNOoEJoX5wc3DyY5bt9EbMk86C7x0DNA==",
			"requires": {
				"@ethersproject/logger": "^5.5.0"
			}
		},
		"@ethersproject/rlp": {
			"version": "5.5.0",
			"resolved": "https://registry.npmjs.org/@ethersproject/rlp/-/rlp-5.5.0.tgz",
			"integrity": "sha512-hLv8XaQ8PTI9g2RHoQGf/WSxBfTB/NudRacbzdxmst5VHAqd1sMibWG7SENzT5Dj3yZ3kJYx+WiRYEcQTAkcYA==",
			"requires": {
				"@ethersproject/bytes": "^5.5.0",
				"@ethersproject/logger": "^5.5.0"
			}
		},
		"@ethersproject/signing-key": {
			"version": "5.5.0",
			"resolved": "https://registry.npmjs.org/@ethersproject/signing-key/-/signing-key-5.5.0.tgz",
			"integrity": "sha512-5VmseH7qjtNmDdZBswavhotYbWB0bOwKIlOTSlX14rKn5c11QmJwGt4GHeo7NrL/Ycl7uo9AHvEqs5xZgFBTng==",
			"requires": {
				"@ethersproject/bytes": "^5.5.0",
				"@ethersproject/logger": "^5.5.0",
				"@ethersproject/properties": "^5.5.0",
				"bn.js": "^4.11.9",
				"elliptic": "6.5.4",
				"hash.js": "1.1.7"
			}
		},
		"@ethersproject/strings": {
			"version": "5.5.0",
			"resolved": "https://registry.npmjs.org/@ethersproject/strings/-/strings-5.5.0.tgz",
			"integrity": "sha512-9fy3TtF5LrX/wTrBaT8FGE6TDJyVjOvXynXJz5MT5azq+E6D92zuKNx7i29sWW2FjVOaWjAsiZ1ZWznuduTIIQ==",
			"requires": {
				"@ethersproject/bytes": "^5.5.0",
				"@ethersproject/constants": "^5.5.0",
				"@ethersproject/logger": "^5.5.0"
			}
		},
		"@ethersproject/transactions": {
			"version": "5.5.0",
			"resolved": "https://registry.npmjs.org/@ethersproject/transactions/-/transactions-5.5.0.tgz",
			"integrity": "sha512-9RZYSKX26KfzEd/1eqvv8pLauCKzDTub0Ko4LfIgaERvRuwyaNV78mJs7cpIgZaDl6RJui4o49lHwwCM0526zA==",
			"requires": {
				"@ethersproject/address": "^5.5.0",
				"@ethersproject/bignumber": "^5.5.0",
				"@ethersproject/bytes": "^5.5.0",
				"@ethersproject/constants": "^5.5.0",
				"@ethersproject/keccak256": "^5.5.0",
				"@ethersproject/logger": "^5.5.0",
				"@ethersproject/properties": "^5.5.0",
				"@ethersproject/rlp": "^5.5.0",
				"@ethersproject/signing-key": "^5.5.0"
			}
		},
		"@ethersproject/web": {
			"version": "5.5.1",
			"resolved": "https://registry.npmjs.org/@ethersproject/web/-/web-5.5.1.tgz",
			"integrity": "sha512-olvLvc1CB12sREc1ROPSHTdFCdvMh0J5GSJYiQg2D0hdD4QmJDy8QYDb1CvoqD/bF1c++aeKv2sR5uduuG9dQg==",
			"requires": {
				"@ethersproject/base64": "^5.5.0",
				"@ethersproject/bytes": "^5.5.0",
				"@ethersproject/logger": "^5.5.0",
				"@ethersproject/properties": "^5.5.0",
				"@ethersproject/strings": "^5.5.0"
			}
		},
		"bn.js": {
			"version": "4.12.0",
			"resolved": "https://registry.npmjs.org/bn.js/-/bn.js-4.12.0.tgz",
			"integrity": "sha512-c98Bf3tPniI+scsdk237ku1Dc3ujXQTSgyiPUDEOe7tRkhrqridvh8klBv0HCEso1OLOYcHuCv/cS6DNxKH+ZA=="
		},
		"brorand": {
			"version": "1.1.0",
			"resolved": "https://registry.npmjs.org/brorand/-/brorand-1.1.0.tgz",
			"integrity": "sha1-EsJe/kCkXjwyPrhnWgoM5XsiNx8="
		},
		"elliptic": {
			"version": "6.5.4",
			"resolved": "https://registry.npmjs.org/elliptic/-/elliptic-6.5.4.tgz",
			"integrity": "sha512-iLhC6ULemrljPZb+QutR5TQGB+pdW6KGD5RSegS+8sorOZT+rdQFbsQFJgvN3eRqNALqJer4oQ16YvJHlU8hzQ==",
			"requires": {
				"bn.js": "^4.11.9",
				"brorand": "^1.1.0",
				"hash.js": "^1.0.0",
				"hmac-drbg": "^1.0.1",
				"inherits": "^2.0.4",
				"minimalistic-assert": "^1.0.1",
				"minimalistic-crypto-utils": "^1.0.1"
			}
		},
		"hash.js": {
			"version": "1.1.7",
			"resolved": "https://registry.npmjs.org/hash.js/-/hash.js-1.1.7.tgz",
			"integrity": "sha512-taOaskGt4z4SOANNseOviYDvjEJinIkRgmp7LbKP2YTTmVxWBl87s/uzK9r+44BclBSp2X7K1hqeNfz9JbBeXA==",
			"requires": {
				"inherits": "^2.0.3",
				"minimalistic-assert": "^1.0.1"
			}
		},
		"hmac-drbg": {
			"version": "1.0.1",
			"resolved": "https://registry.npmjs.org/hmac-drbg/-/hmac-drbg-1.0.1.tgz",
			"integrity": "sha1-0nRXAQJabHdabFRXk+1QL8DGSaE=",
			"requires": {
				"hash.js": "^1.0.3",
				"minimalistic-assert": "^1.0.0",
				"minimalistic-crypto-utils": "^1.0.1"
			}
		},
		"inherits": {
			"version": "2.0.4",
			"resolved": "https://registry.npmjs.org/inherits/-/inherits-2.0.4.tgz",
			"integrity": "sha512-k/vGaX4/Yla3WzyMCvTQOXYeIHvqOKtnqBduzTHpzpQZzAskKMhZ2K+EnBiSM9zGSoIFeMpXKxa4dYeZIQqewQ=="
		},
		"js-sha3": {
			"version": "0.8.0",
			"resolved": "https://registry.npmjs.org/js-sha3/-/js-sha3-0.8.0.tgz",
			"integrity": "sha512-gF1cRrHhIzNfToc802P800N8PpXS+evLLXfsVpowqmAFR9uwbi89WvXg2QspOmXL8QL86J4T1EpFu+yUkwJY3Q=="
		},
		"lodash": {
			"version": "4.17.21",
			"resolved": "https://registry.npmjs.org/lodash/-/lodash-4.17.21.tgz",
			"integrity": "sha512-v2kDEe57lecTulaDIuNTPy3Ry4gLGJ6Z1O3vE1krgXZNrsQ+LFTGHVxVjcXPs17LhbZVGedAJv8XZ1tvj5FvSg=="
		},
		"minimalistic-assert": {
			"version": "1.0.1",
			"resolved": "https://registry.npmjs.org/minimalistic-assert/-/minimalistic-assert-1.0.1.tgz",
			"integrity": "sha512-UtJcAD4yEaGtjPezWuO9wC4nwUnVH/8/Im3yEHQP4b67cXlD/Qr9hdITCU1xDbSEXg2XKNaP8jsReV7vQd00/A=="
		},
		"minimalistic-crypto-utils": {
			"version": "1.0.1",
			"resolved": "https://registry.npmjs.org/minimalistic-crypto-utils/-/minimalistic-crypto-utils-1.0.1.tgz",
			"integrity": "sha1-9sAMHAsIIkblxNmd+4x8CDsrWCo="
		},
		"regenerator-runtime": {
			"version": "0.13.9",
			"resolved": "https://registry.npmjs.org/regenerator-runtime/-/regenerator-runtime-0.13.9.tgz",
			"integrity": "sha512-p3VT+cOEgxFsRRA9X4lkI1E+k2/CtnKtU4gcxyaCUreilL/vqI6CdZ3wxVUx3UOUg+gnUOQQcRI7BmSI656MYA=="
		}
	}
}
