{
	"name": "@liquality/bitcoin-utils",
	"version": "0.4.26-beta.5",
	"lockfileVersion": 1,
	"requires": true,
	"dependencies": {
		"coinselect": {
			"version": "3.1.11",
			"resolved": "https://registry.npmjs.org/coinselect/-/coinselect-3.1.11.tgz",
			"integrity": "sha1-4fBjvRpYgvZzXuBRm52LWsSpMJk="
		},
		"lodash": {
			"version": "4.17.15",
			"resolved": "https://registry.npmjs.org/lodash/-/lodash-4.17.15.tgz",
			"integrity": "sha512-8xOcRHvCjnocdS5cpwXQXVzmmh5e5+saE2QGoeQmbKmRS6J3VQppPOIt0MnmE+4xlZoumy0GPG0D0MVIQbNA1A=="
		}
	}
}
