{
	"name": "@liquality/node-provider",
	"version": "1.13.5",
	"lockfileVersion": 1,
	"requires": true,
	"dependencies": {
		"@babel/runtime": {
			"version": "7.16.5",
			"resolved": "https://registry.npmjs.org/@babel/runtime/-/runtime-7.16.5.tgz",
			"integrity": "sha512-TXWihFIS3Pyv5hzR7j6ihmeLkZfrXGxAr5UfSl8CHf+6q/wpiYDkUau0czckpYG8QmnCIuPpdLtuA9VmuGGyMA==",
			"requires": {
				"regenerator-runtime": "^0.13.4"
			}
		},
		"@liquality/errors": {
			"version": "1.13.5",
			"resolved": "https://registry.npmjs.org/@liquality/errors/-/errors-1.13.5.tgz",
			"integrity": "sha512-qKgelIJ/g8YX5GuoB0WdbYDYzxi28LG+3Z3xjE2uLPF+AJ2qeIUnUfAnpnaGE971fS14hSTC1oV3WI9Spu0aFw==",
			"requires": {
				"@types/standard-error": "^1.1.0",
				"standard-error": "^1.1.0"
			}
		},
		"@liquality/provider": {
			"version": "1.13.5",
			"resolved": "https://registry.npmjs.org/@liquality/provider/-/provider-1.13.5.tgz",
			"integrity": "sha512-AfAvDRd7guL2lFUBF4wjjovp/q+UtcvuAnyNc8OH6i4fgynNtBDrWuVckoKnWuKuOCnMLa5AzncJw5JtbpG4mg==",
			"requires": {
				"@liquality/types": "^1.13.5"
			}
		},
		"@liquality/types": {
			"version": "1.13.5",
			"resolved": "https://registry.npmjs.org/@liquality/types/-/types-1.13.5.tgz",
			"integrity": "sha512-viIaH6S4Vbb+HWFEg+4RLcTATsx+1y9loAHp2B8NPF7ojUvrVd+x15/MGZYBuAnYroU6jI5g8r0xp1SyKcz8ow==",
			"requires": {
				"bignumber.js": "^9.0.1"
			}
		},
		"@types/axios": {
			"version": "0.14.0",
			"resolved": "https://registry.npmjs.org/@types/axios/-/axios-0.14.0.tgz",
			"integrity": "sha1-7CMA++fX3d1+udOr+HmZlkyvzkY=",
			"requires": {
				"axios": "*"
			}
		},
		"@types/lodash": {
			"version": "4.14.178",
			"resolved": "https://registry.npmjs.org/@types/lodash/-/lodash-4.14.178.tgz",
			"integrity": "sha512-0d5Wd09ItQWH1qFbEyQ7oTQ3GZrMfth5JkbN3EvTKLXcHLRDSXeLnlvlOn0wvxVIwK5o2M8JzP/OWz7T3NRsbw=="
		},
		"@types/standard-error": {
			"version": "1.1.0",
			"resolved": "https://registry.npmjs.org/@types/standard-error/-/standard-error-1.1.0.tgz",
			"integrity": "sha512-lZshsx/QFLUJcu9prwm3Gtsl+b38HAqO6XUGH8PGwSmiswQhscd2MKrfk3LX3W3HyvNVUKcpsiuhU9r8DX32ww=="
		},
		"axios": {
			"version": "0.21.4",
			"resolved": "https://registry.npmjs.org/axios/-/axios-0.21.4.tgz",
			"integrity": "sha512-ut5vewkiu8jjGBdqpM44XxjuCjq9LAKeHVmoVfHVzy8eHgxxq8SbAVQNovDA8mVi05kP0Ea/n/UzcSHcTJQfNg==",
			"requires": {
				"follow-redirects": "^1.14.0"
			}
		},
		"bignumber.js": {
			"version": "9.0.2",
			"resolved": "https://registry.npmjs.org/bignumber.js/-/bignumber.js-9.0.2.tgz",
			"integrity": "sha512-GAcQvbpsM0pUb0zw1EI0KhQEZ+lRwR5fYaAp3vPOYuP7aDvGy6cVN6XHLauvF8SOga2y0dcLcjt3iQDTSEliyw=="
		},
		"follow-redirects": {
			"version": "1.14.8",
			"resolved": "https://registry.npmjs.org/follow-redirects/-/follow-redirects-1.14.8.tgz",
			"integrity": "sha512-1x0S9UVJHsQprFcEC/qnNzBLcIxsjAV905f/UkQxbclCsoTWlacCNOpQa/anodLl2uaEKFhfWOvM2Qg77+15zA=="
		},
		"lodash": {
			"version": "4.17.21",
			"resolved": "https://registry.npmjs.org/lodash/-/lodash-4.17.21.tgz",
			"integrity": "sha512-v2kDEe57lecTulaDIuNTPy3Ry4gLGJ6Z1O3vE1krgXZNrsQ+LFTGHVxVjcXPs17LhbZVGedAJv8XZ1tvj5FvSg=="
		},
		"regenerator-runtime": {
			"version": "0.13.9",
			"resolved": "https://registry.npmjs.org/regenerator-runtime/-/regenerator-runtime-0.13.9.tgz",
			"integrity": "sha512-p3VT+cOEgxFsRRA9X4lkI1E+k2/CtnKtU4gcxyaCUreilL/vqI6CdZ3wxVUx3UOUg+gnUOQQcRI7BmSI656MYA=="
		},
		"standard-error": {
			"version": "1.1.0",
			"resolved": "https://registry.npmjs.org/standard-error/-/standard-error-1.1.0.tgz",
			"integrity": "sha1-I+UWj6HAggGJ5YEnAaeQWFENDTQ="
		}
	}
}
