{
	"name": "@liquality/ledger-provider",
	"version": "1.4.4",
	"lockfileVersion": 1,
	"requires": true,
	"dependencies": {
		"@babel/polyfill": {
			"version": "7.12.1",
			"resolved": "https://registry.npmjs.org/@babel/polyfill/-/polyfill-7.12.1.tgz",
			"integrity": "sha512-X0pi0V6gxLi6lFZpGmeNa4zxtwEmCs42isWLNjZZDE0Y8yVfgu0T2OAHlzBbdYlqbW/YXVvoBHpATEM+goCj8g==",
			"requires": {
				"core-js": "^2.6.5",
				"regenerator-runtime": "^0.13.4"
			}
		},
		"@babel/runtime": {
			"version": "7.12.13",
			"resolved": "https://registry.npmjs.org/@babel/runtime/-/runtime-7.12.13.tgz",
			"integrity": "sha512-8+3UMPBrjFa/6TtKi/7sehPKqfAm4g6K+YQjyyFOLUTxzOngcRZTlAVY8sc2CORJYqdHQY8gRPHmn+qo15rCBw==",
			"requires": {
				"regenerator-runtime": "^0.13.4"
			}
		},
		"@ledgerhq/devices": {
			"version": "5.43.0",
			"resolved": "https://registry.npmjs.org/@ledgerhq/devices/-/devices-5.43.0.tgz",
			"integrity": "sha512-/M5ZLUBdBK7Vl2T4yNJbES3Z4w55LbPdxD9rcOBAKH/5V3V0obQv6MUasP9b7DSkwGSSLCOGZLohoT2NxK2D2A==",
			"requires": {
				"@ledgerhq/errors": "^5.43.0",
				"@ledgerhq/logs": "^5.43.0",
				"rxjs": "^6.6.3",
				"semver": "^7.3.4"
			}
		},
		"@ledgerhq/errors": {
			"version": "5.43.0",
			"resolved": "https://registry.npmjs.org/@ledgerhq/errors/-/errors-5.43.0.tgz",
			"integrity": "sha512-ZjKlUQbIn/DHXAefW3Y1VyDrlVhVqqGnXzrqbOXuDbZ2OAIfSe/A1mrlCbWt98jP/8EJQBuCzBOtnmpXIL/nYg=="
		},
		"@ledgerhq/hw-transport": {
			"version": "5.43.0",
			"resolved": "https://registry.npmjs.org/@ledgerhq/hw-transport/-/hw-transport-5.43.0.tgz",
			"integrity": "sha512-0S+TGmiEJOqgM2MWnolZQPVKU3oRtoDj4yUFUZts9Owbgby+hmo4dIKTvv0vs8mwknQbOZByUgh3MQOQiK70MQ==",
			"requires": {
				"@ledgerhq/devices": "^5.43.0",
				"@ledgerhq/errors": "^5.43.0",
				"events": "^3.2.0"
			}
		},
		"@ledgerhq/logs": {
			"version": "5.43.0",
			"resolved": "https://registry.npmjs.org/@ledgerhq/logs/-/logs-5.43.0.tgz",
			"integrity": "sha512-QWfQjea3ekh9ZU+JeL2tJC9cTKLZ/JrcS0JGatLejpRYxQajvnHvHfh0dbHOKXEaXfCskEPTZ3f1kzuts742GA=="
		},
		"@types/ledgerhq__hw-transport": {
			"version": "4.21.3",
			"resolved": "https://registry.npmjs.org/@types/ledgerhq__hw-transport/-/ledgerhq__hw-transport-4.21.3.tgz",
			"integrity": "sha512-6QveiZLsFLq9WZDk8HWAZhivoGzyz5S8WV36hpUe7KrVDaTR1fDdB+syorrNRhYbyjraAuUJrIdJR5p/7doq8g==",
			"dev": true,
			"requires": {
				"@types/node": "*"
			}
		},
		"@types/ledgerhq__hw-transport-node-hid": {
			"version": "4.22.2",
			"resolved": "https://registry.npmjs.org/@types/ledgerhq__hw-transport-node-hid/-/ledgerhq__hw-transport-node-hid-4.22.2.tgz",
			"integrity": "sha512-b9dXYEZ8Iijv20LykEVhbThVzSjchMpvj8y/mSsCSP1n7Ncs+YqD8mjEV/bGTks9jAP8CdxhRqOGq+h47/4B9g==",
			"dev": true,
			"requires": {
				"@types/ledgerhq__hw-transport": "*",
				"@types/node": "*",
				"@types/node-hid": "*"
			}
		},
		"@types/ledgerhq__hw-transport-u2f": {
			"version": "4.21.2",
			"resolved": "https://registry.npmjs.org/@types/ledgerhq__hw-transport-u2f/-/ledgerhq__hw-transport-u2f-4.21.2.tgz",
			"integrity": "sha512-xHLa7bKY9wWqbqYraLBg+yLQqTlk9D5SFUgKXNOlRlQmt02hKgvbOHkAL1PQ+pfpTWniuC7BgBYjCObu6fgGzA==",
			"dev": true,
			"requires": {
				"@types/ledgerhq__hw-transport": "*",
				"@types/node": "*"
			}
		},
		"@types/ledgerhq__hw-transport-webusb": {
			"version": "4.70.1",
			"resolved": "https://registry.npmjs.org/@types/ledgerhq__hw-transport-webusb/-/ledgerhq__hw-transport-webusb-4.70.1.tgz",
			"integrity": "sha512-s+bt/fU5cH7etjLrNRn2LebZZqUL+YHIWciC1T6SUw2kyFpSqQQmjcM81ZrMR/tccQGfYTy3ebrJx9ZK3Mn+HA==",
			"dev": true,
			"requires": {
				"@types/ledgerhq__hw-transport": "*",
				"@types/node": "*"
			}
		},
		"@types/node": {
			"version": "14.14.31",
			"resolved": "https://registry.npmjs.org/@types/node/-/node-14.14.31.tgz",
			"integrity": "sha512-vFHy/ezP5qI0rFgJ7aQnjDXwAMrG0KqqIH7tQG5PPv3BWBayOPIQNBjVc/P6hhdZfMx51REc6tfDNXHUio893g==",
			"dev": true
		},
		"@types/node-hid": {
			"version": "1.3.0",
			"resolved": "https://registry.npmjs.org/@types/node-hid/-/node-hid-1.3.0.tgz",
			"integrity": "sha512-jQ9Z8PegPENPlzR/7fziAF6yqcdYYcIfeJOiN1wnk2zf/Y8yFpprf6uEp1OWPdzhM9dBgv/K5MQ5WFHwK22Gbg==",
			"dev": true,
			"requires": {
				"@types/node": "*"
			}
		},
		"core-js": {
			"version": "2.6.12",
			"resolved": "https://registry.npmjs.org/core-js/-/core-js-2.6.12.tgz",
			"integrity": "sha512-Kb2wC0fvsWfQrgk8HU5lW6U/Lcs8+9aaYcy4ZFc6DDlo4nZ7n70dEgE5rtR0oG6ufKDUnrwfWL1mXR5ljDatrQ=="
		},
		"events": {
			"version": "3.3.0",
			"resolved": "https://registry.npmjs.org/events/-/events-3.3.0.tgz",
			"integrity": "sha512-mQw+2fkQbALzQ7V0MY0IqdnXNOeTtP4r0lN9z7AAawCXgqea7bDii20AYrIBrFd/Hx0M2Ocz6S111CaFkUcb0Q=="
		},
		"lru-cache": {
			"version": "6.0.0",
			"resolved": "https://registry.npmjs.org/lru-cache/-/lru-cache-6.0.0.tgz",
			"integrity": "sha512-Jo6dJ04CmSjuznwJSS3pUeWmd/H0ffTlkXXgwZi+eq1UCmqQwCh+eLsYOYCwY991i2Fah4h1BEMCx4qThGbsiA==",
			"requires": {
				"yallist": "^4.0.0"
			}
		},
		"regenerator-runtime": {
			"version": "0.13.7",
			"resolved": "https://registry.npmjs.org/regenerator-runtime/-/regenerator-runtime-0.13.7.tgz",
			"integrity": "sha512-a54FxoJDIr27pgf7IgeQGxmqUNYrcV338lf/6gH456HZ/PhX+5BcwHXG9ajESmwe6WRO0tAzRUrRmNONWgkrew=="
		},
		"rxjs": {
			"version": "6.6.3",
			"resolved": "https://registry.npmjs.org/rxjs/-/rxjs-6.6.3.tgz",
			"integrity": "sha512-trsQc+xYYXZ3urjOiJOuCOa5N3jAZ3eiSpQB5hIT8zGlL2QfnHLJ2r7GMkBGuIausdJN1OneaI6gQlsqNHHmZQ==",
			"requires": {
				"tslib": "^1.9.0"
			}
		},
		"semver": {
			"version": "7.3.4",
			"resolved": "https://registry.npmjs.org/semver/-/semver-7.3.4.tgz",
			"integrity": "sha512-tCfb2WLjqFAtXn4KEdxIhalnRtoKFN7nAwj0B3ZXCbQloV2tq5eDbcTmT68JJD3nRJq24/XgxtQKFIpQdtvmVw==",
			"requires": {
				"lru-cache": "^6.0.0"
			}
		},
		"tslib": {
			"version": "1.14.1",
			"resolved": "https://registry.npmjs.org/tslib/-/tslib-1.14.1.tgz",
			"integrity": "sha512-Xni35NKzjgMrwevysHTCArtLDpPvye8zV/0E4EyYn43P7/7qvQwPh9BGkHewbMulVntbigmcT7rdX3BNo9wRJg=="
		},
		"yallist": {
			"version": "4.0.0",
			"resolved": "https://registry.npmjs.org/yallist/-/yallist-4.0.0.tgz",
			"integrity": "sha512-3wdGidZyq5PB084XLES5TpOSRA3wjXAlIWMhum2kRcv/41Sn2emQ0dycQW4uZXLejwKvg6EsvbdlVL+FYEct7A=="
		}
	}
}
