{
	"name": "@liquality/bitcoin-rpc-provider",
	"version": "0.4.34",
	"lockfileVersion": 1,
	"requires": true,
	"dependencies": {
		"@babel/runtime": {
			"version": "7.4.3",
			"resolved": "https://registry.npmjs.org/@babel/runtime/-/runtime-7.4.3.tgz",
			"integrity": "sha512-9lsJwJLxDh/T3Q3SZszfWOTkk3pHbkmH+3KY+zwIDmsNlxsumuhS2TH3NIpktU4kNvfzy+k3eLT7aTJSPTo0OA==",
			"requires": {
				"regenerator-runtime": "^0.13.2"
			}
		},
		"@liquality/debug": {
			"version": "0.4.35",
			"resolved": "https://registry.npmjs.org/@liquality/debug/-/debug-0.4.35.tgz",
			"integrity": "sha512-4ERJUDZ9jztNgsB7AvkvsfqQyd9tlzDdyDt2w5F0UsSlzg90d89XLwiWYHG/p/0OKMOEbHsl4rcodGuyT/6YAA==",
			"requires": {
				"@babel/runtime": "^7.4.3",
				"debug": "^4.1.1"
			}
		},
		"@liquality/errors": {
			"version": "0.4.35",
			"resolved": "https://registry.npmjs.org/@liquality/errors/-/errors-0.4.35.tgz",
			"integrity": "sha512-XE3HUJXTbYjSaPkvK+tZjdqiHLDK4Malht3iwPbZ2Q1nTpW9mzHqGe+wbpnbW+8ArA+2bkuhWpET131WmThbcA==",
			"requires": {
				"@babel/runtime": "^7.4.3",
				"standard-error": "^1.1.0"
			}
		},
		"@liquality/jsonrpc-provider": {
			"version": "0.4.35",
			"resolved": "https://registry.npmjs.org/@liquality/jsonrpc-provider/-/jsonrpc-provider-0.4.35.tgz",
			"integrity": "sha512-WYgogqjEKKOMyOFMJsULqykMGbUZO2lG5VgG83z2yFquC1KQUpJ6hlhvRhQqLlklYjY9OWfl+SwYY+SVo4nJDg==",
			"requires": {
				"@babel/runtime": "^7.4.3",
				"@liquality/debug": "^0.4.35",
				"@liquality/errors": "^0.4.35",
				"@liquality/provider": "^0.4.35",
				"@liquality/schema": "^0.4.35",
				"axios": "^0.18.0",
				"json-bigint": "^0.3.0",
				"lodash": "^4.17.13"
			}
		},
		"@liquality/provider": {
			"version": "0.4.35",
			"resolved": "https://registry.npmjs.org/@liquality/provider/-/provider-0.4.35.tgz",
			"integrity": "sha512-VKDZF5eZ5OTVFRlBdEa0hblBdbdm8EyBWFwRD5zlhXkm/i2HqpDPk5G+t2s5lOQ2VyBz6vCHBQsqEIl1UbhA8Q==",
			"requires": {
				"@babel/runtime": "^7.4.3"
			}
		},
		"@liquality/schema": {
			"version": "0.4.35",
			"resolved": "https://registry.npmjs.org/@liquality/schema/-/schema-0.4.35.tgz",
			"integrity": "sha512-ZgJo88Fj+17aTtETCB3I+chHQp6jDba59MKJfSy+UjSsRRkkK387CgSgcD6fiE8M7ZWqdHzemo0i55y635wD3A==",
			"requires": {
				"@babel/runtime": "^7.4.3"
			}
		},
		"@liquality/utils": {
			"version": "0.4.35",
			"resolved": "https://registry.npmjs.org/@liquality/utils/-/utils-0.4.35.tgz",
			"integrity": "sha512-nbUfCHi7C1noIrwF4Qguau6DqolTXwpXqGKdYyCZ3sM9NG7cExaw1fIEVyD1IsoN6SVlLqAGU7GwdN52eaxmww==",
			"requires": {
				"@babel/runtime": "^7.4.3"
			}
		},
		"axios": {
			"version": "0.18.1",
			"resolved": "https://registry.npmjs.org/axios/-/axios-0.18.1.tgz",
			"integrity": "sha512-0BfJq4NSfQXd+SkFdrvFbG7addhYSBA2mQwISr46pD6E5iqkWg02RAs8vyTT/j0RTnoYmeXauBuSv1qKwR179g==",
			"requires": {
				"follow-redirects": "1.5.10",
				"is-buffer": "^2.0.2"
			}
		},
		"bignumber.js": {
			"version": "8.1.1",
			"resolved": "https://registry.npmjs.org/bignumber.js/-/bignumber.js-8.1.1.tgz",
			"integrity": "sha512-QD46ppGintwPGuL1KqmwhR0O+N2cZUg8JG/VzwI2e28sM9TqHjQB10lI4QAaMHVbLzwVLLAwEglpKPViWX+5NQ=="
		},
		"debug": {
			"version": "4.1.1",
			"resolved": "https://registry.npmjs.org/debug/-/debug-4.1.1.tgz",
			"integrity": "sha512-pYAIzeRo8J6KPEaJ0VWOh5Pzkbw/RetuzehGM7QRRX5he4fPHx2rdKMB256ehJCkX+XRQm16eZLqLNS8RSZXZw==",
			"requires": {
				"ms": "^2.1.1"
			}
		},
		"follow-redirects": {
			"version": "1.5.10",
			"resolved": "https://registry.npmjs.org/follow-redirects/-/follow-redirects-1.5.10.tgz",
			"integrity": "sha512-0V5l4Cizzvqt5D44aTXbFZz+FtyXV1vrDN6qrelxtfYQKW0KO0W2T/hkE8xvGa/540LkZlkaUjO4ailYTFtHVQ==",
			"requires": {
				"debug": "=3.1.0"
			},
			"dependencies": {
				"debug": {
					"version": "3.1.0",
					"resolved": "https://registry.npmjs.org/debug/-/debug-3.1.0.tgz",
					"integrity": "sha512-OX8XqP7/1a9cqkxYw2yXss15f26NKWBpDXQd0/uK/KPqdQhxbPa994hnzjcE2VqQpDslf55723cKPUOGSmMY3g==",
					"requires": {
						"ms": "2.0.0"
					}
				},
				"ms": {
					"version": "2.0.0",
					"resolved": "https://registry.npmjs.org/ms/-/ms-2.0.0.tgz",
					"integrity": "sha1-VgiurfwAvmwpAd9fmGF4jeDVl8g="
				}
			}
		},
		"is-buffer": {
			"version": "2.0.4",
			"resolved": "https://registry.npmjs.org/is-buffer/-/is-buffer-2.0.4.tgz",
			"integrity": "sha512-Kq1rokWXOPXWuaMAqZiJW4XxsmD9zGx9q4aePabbn3qCRGedtH7Cm+zV8WETitMfu1wdh+Rvd6w5egwSngUX2A=="
		},
		"json-bigint": {
			"version": "0.3.0",
			"resolved": "https://registry.npmjs.org/json-bigint/-/json-bigint-0.3.0.tgz",
			"integrity": "sha1-DM2RLEuCcNBfBW+9E4FLU9OCWx4=",
			"requires": {
				"bignumber.js": "^7.0.0"
			},
			"dependencies": {
				"bignumber.js": {
					"version": "7.2.1",
					"resolved": "https://registry.npmjs.org/bignumber.js/-/bignumber.js-7.2.1.tgz",
					"integrity": "sha512-S4XzBk5sMB+Rcb/LNcpzXr57VRTxgAvaAEDAl1AwRx27j00hT84O6OkteE7u8UB3NuaaygCRrEpqox4uDOrbdQ=="
				}
			}
		},
		"lodash": {
			"version": "4.17.15",
			"resolved": "https://registry.npmjs.org/lodash/-/lodash-4.17.15.tgz",
			"integrity": "sha512-8xOcRHvCjnocdS5cpwXQXVzmmh5e5+saE2QGoeQmbKmRS6J3VQppPOIt0MnmE+4xlZoumy0GPG0D0MVIQbNA1A=="
		},
		"ms": {
			"version": "2.1.2",
			"resolved": "https://registry.npmjs.org/ms/-/ms-2.1.2.tgz",
			"integrity": "sha512-sGkPx+VjMtmA6MX27oA4FBFELFCZZ4S4XqeGOXCv68tT+jb3vk/RyaKWP0PTKyWtmLSM0b+adUTEvbs1PEaH2w=="
		},
		"regenerator-runtime": {
			"version": "0.13.2",
			"resolved": "https://registry.npmjs.org/regenerator-runtime/-/regenerator-runtime-0.13.2.tgz",
			"integrity": "sha512-S/TQAZJO+D3m9xeN1WTI8dLKBBiRgXBlTJvbWjCThHWZj9EvHK70Ff50/tYj2J/fvBY6JtFVwRuazHN2E7M9BA=="
		},
		"standard-error": {
			"version": "1.1.0",
			"resolved": "https://registry.npmjs.org/standard-error/-/standard-error-1.1.0.tgz",
			"integrity": "sha1-I+UWj6HAggGJ5YEnAaeQWFENDTQ="
		}
	}
}
