{
	"name": "@liquality/jsonrpc-provider",
	"version": "0.6.9",
	"lockfileVersion": 1,
	"requires": true,
	"dependencies": {
		"@babel/runtime": {
			"version": "7.4.3",
			"resolved": "https://registry.npmjs.org/@babel/runtime/-/runtime-7.4.3.tgz",
			"integrity": "sha512-9lsJwJLxDh/T3Q3SZszfWOTkk3pHbkmH+3KY+zwIDmsNlxsumuhS2TH3NIpktU4kNvfzy+k3eLT7aTJSPTo0OA==",
			"requires": {
				"regenerator-runtime": "^0.13.2"
			}
		},
		"@liquality/debug": {
			"version": "0.6.9",
			"resolved": "https://registry.npmjs.org/@liquality/debug/-/debug-0.6.9.tgz",
			"integrity": "sha512-2xM6EI5fvzMw6M4aUJhDsOJMKdzKFYRP2ZF0aiihUxvEgW0dtUUmFj5i0HmT/q+rIM8kwU9uG4tw6UMfgl82zA==",
			"requires": {
				"@babel/runtime": "^7.4.3",
				"debug": "^4.1.1"
			}
		},
		"@liquality/errors": {
			"version": "0.6.9",
			"resolved": "https://registry.npmjs.org/@liquality/errors/-/errors-0.6.9.tgz",
			"integrity": "sha512-d4o3IH09enygxsBrnQIyI+2eFLn4OgfdBkZQRicZeaDPxdomE2frMTNrshhpkQWNO1Wjy3zEyrAiXku/uvyflg==",
			"requires": {
				"@babel/runtime": "^7.4.3",
				"standard-error": "^1.1.0"
			}
		},
		"@liquality/provider": {
			"version": "0.6.9",
			"resolved": "https://registry.npmjs.org/@liquality/provider/-/provider-0.6.9.tgz",
			"integrity": "sha512-ajvbTDbBYQXwGtVIVfuhlwc/Cx3qdarcV3edFxvZLY506jjAPKyxBE9Mp0Day4q4Sm7Ztoii1VV7qflykJ/12g==",
			"requires": {
				"@babel/runtime": "^7.4.3"
			}
		},
		"@liquality/schema": {
			"version": "0.6.9",
			"resolved": "https://registry.npmjs.org/@liquality/schema/-/schema-0.6.9.tgz",
			"integrity": "sha512-6y9hdZygln0+XrlOshwxzEJ6pdVHIzEbWs3jRXcSe7Gwgcmr12WAx8tko135Yy6CglUoRd9BJypCtFUvT9LOfQ==",
			"requires": {
				"@babel/runtime": "^7.4.3"
			}
		},
		"axios": {
			"version": "0.18.0",
			"resolved": "https://registry.npmjs.org/axios/-/axios-0.18.0.tgz",
			"integrity": "sha1-MtU+SFHv3AoRmTts0AB4nXDAUQI=",
			"requires": {
				"follow-redirects": "^1.3.0",
				"is-buffer": "^1.1.5"
			}
		},
		"bignumber.js": {
			"version": "9.0.1",
			"resolved": "https://registry.npmjs.org/bignumber.js/-/bignumber.js-9.0.1.tgz",
			"integrity": "sha512-IdZR9mh6ahOBv/hYGiXyVuyCetmGJhtYkqLBpTStdhEGjegpPlUawydyaF3pbIOFynJTpllEs+NP+CS9jKFLjA=="
		},
		"debug": {
			"version": "4.2.0",
			"resolved": "https://registry.npmjs.org/debug/-/debug-4.2.0.tgz",
			"integrity": "sha512-IX2ncY78vDTjZMFUdmsvIRFY2Cf4FnD0wRs+nQwJU8Lu99/tPFdb0VybiiMTPe3I6rQmwsqQqRBvxU+bZ/I8sg==",
			"requires": {
				"ms": "2.1.2"
			},
			"dependencies": {
				"ms": {
					"version": "2.1.2",
					"resolved": "https://registry.npmjs.org/ms/-/ms-2.1.2.tgz",
					"integrity": "sha512-sGkPx+VjMtmA6MX27oA4FBFELFCZZ4S4XqeGOXCv68tT+jb3vk/RyaKWP0PTKyWtmLSM0b+adUTEvbs1PEaH2w=="
				}
			}
		},
		"follow-redirects": {
			"version": "1.7.0",
			"resolved": "https://registry.npmjs.org/follow-redirects/-/follow-redirects-1.7.0.tgz",
			"integrity": "sha512-m/pZQy4Gj287eNy94nivy5wchN3Kp+Q5WgUPNy5lJSZ3sgkVKSYV/ZChMAQVIgx1SqfZ2zBZtPA2YlXIWxxJOQ==",
			"requires": {
				"debug": "^3.2.6"
			},
			"dependencies": {
				"debug": {
					"version": "3.2.6",
					"resolved": "https://registry.npmjs.org/debug/-/debug-3.2.6.tgz",
					"integrity": "sha512-mel+jf7nrtEl5Pn1Qx46zARXKDpBbvzezse7p7LqINmdoIk8PYP5SySaxEmYv6TZ0JyEKA1hsCId6DIhgITtWQ==",
					"requires": {
						"ms": "^2.1.1"
					}
				}
			}
		},
		"is-buffer": {
			"version": "1.1.6",
			"resolved": "https://registry.npmjs.org/is-buffer/-/is-buffer-1.1.6.tgz",
			"integrity": "sha512-NcdALwpXkTm5Zvvbk7owOUSvVvBKDgKP5/ewfXEznmQFfs4ZRmanOeKBTjRVjka3QFoN6XJ+9F3USqfHqTaU5w=="
		},
		"json-bigint": {
			"version": "1.0.0",
			"resolved": "https://registry.npmjs.org/json-bigint/-/json-bigint-1.0.0.tgz",
			"integrity": "sha512-SiPv/8VpZuWbvLSMtTDU8hEfrZWg/mH/nV/b4o0CYbSxu1UIQPLdwKOCIyLQX+VIPO5vrLX3i8qtqFyhdPSUSQ==",
			"requires": {
				"bignumber.js": "^9.0.0"
			}
		},
		"lodash": {
			"version": "4.17.20",
			"resolved": "https://registry.npmjs.org/lodash/-/lodash-4.17.20.tgz",
			"integrity": "sha512-PlhdFcillOINfeV7Ni6oF1TAEayyZBoZ8bcshTHqOYJYlrqzRK5hagpagky5o4HfCzzd1TRkXPMFq6cKk9rGmA=="
		},
		"ms": {
			"version": "2.1.1",
			"resolved": "https://registry.npmjs.org/ms/-/ms-2.1.1.tgz",
			"integrity": "sha512-tgp+dl5cGk28utYktBsrFqA7HKgrhgPsg6Z/EfhWI4gl1Hwq8B/GmY/0oXZ6nF8hDVesS/FpnYaD/kOWhYQvyg=="
		},
		"regenerator-runtime": {
			"version": "0.13.2",
			"resolved": "https://registry.npmjs.org/regenerator-runtime/-/regenerator-runtime-0.13.2.tgz",
			"integrity": "sha512-S/TQAZJO+D3m9xeN1WTI8dLKBBiRgXBlTJvbWjCThHWZj9EvHK70Ff50/tYj2J/fvBY6JtFVwRuazHN2E7M9BA=="
		},
		"standard-error": {
			"version": "1.1.0",
			"resolved": "https://registry.npmjs.org/standard-error/-/standard-error-1.1.0.tgz",
			"integrity": "sha1-I+UWj6HAggGJ5YEnAaeQWFENDTQ="
		}
	}
}
