{
	"name": "@liquality/jsonrpc-provider",
	"version": "0.4.21",
	"lockfileVersion": 1,
	"requires": true,
	"dependencies": {
		"@babel/runtime": {
			"version": "7.4.3",
			"resolved": "https://registry.npmjs.org/@babel/runtime/-/runtime-7.4.3.tgz",
			"integrity": "sha512-9lsJwJLxDh/T3Q3SZszfWOTkk3pHbkmH+3KY+zwIDmsNlxsumuhS2TH3NIpktU4kNvfzy+k3eLT7aTJSPTo0OA==",
			"requires": {
				"regenerator-runtime": "0.13.2"
			}
		},
		"axios": {
			"version": "0.18.0",
			"resolved": "https://registry.npmjs.org/axios/-/axios-0.18.0.tgz",
			"integrity": "sha1-MtU+SFHv3AoRmTts0AB4nXDAUQI=",
			"requires": {
				"follow-redirects": "1.7.0",
				"is-buffer": "1.1.6"
			}
		},
		"follow-redirects": {
			"version": "1.7.0",
			"resolved": "https://registry.npmjs.org/follow-redirects/-/follow-redirects-1.7.0.tgz",
			"integrity": "sha512-m/pZQy4Gj287eNy94nivy5wchN3Kp+Q5WgUPNy5lJSZ3sgkVKSYV/ZChMAQVIgx1SqfZ2zBZtPA2YlXIWxxJOQ==",
			"requires": {
				"debug": "3.2.6"
			},
			"dependencies": {
				"debug": {
					"version": "3.2.6",
					"resolved": "https://registry.npmjs.org/debug/-/debug-3.2.6.tgz",
					"integrity": "sha512-mel+jf7nrtEl5Pn1Qx46zARXKDpBbvzezse7p7LqINmdoIk8PYP5SySaxEmYv6TZ0JyEKA1hsCId6DIhgITtWQ==",
					"requires": {
						"ms": "2.1.1"
					}
				}
			}
		},
		"is-buffer": {
			"version": "1.1.6",
			"resolved": "https://registry.npmjs.org/is-buffer/-/is-buffer-1.1.6.tgz",
			"integrity": "sha512-NcdALwpXkTm5Zvvbk7owOUSvVvBKDgKP5/ewfXEznmQFfs4ZRmanOeKBTjRVjka3QFoN6XJ+9F3USqfHqTaU5w=="
		},
		"json-bigint": {
			"version": "0.3.0",
			"resolved": "https://registry.npmjs.org/json-bigint/-/json-bigint-0.3.0.tgz",
			"integrity": "sha1-DM2RLEuCcNBfBW+9E4FLU9OCWx4=",
			"requires": {
				"bignumber.js": "7.2.1"
			},
			"dependencies": {
				"bignumber.js": {
					"version": "7.2.1",
					"resolved": "https://registry.npmjs.org/bignumber.js/-/bignumber.js-7.2.1.tgz",
					"integrity": "sha512-S4XzBk5sMB+Rcb/LNcpzXr57VRTxgAvaAEDAl1AwRx27j00hT84O6OkteE7u8UB3NuaaygCRrEpqox4uDOrbdQ=="
				}
			}
		},
		"lodash": {
			"version": "4.17.15",
			"resolved": "https://registry.npmjs.org/lodash/-/lodash-4.17.15.tgz",
			"integrity": "sha512-8xOcRHvCjnocdS5cpwXQXVzmmh5e5+saE2QGoeQmbKmRS6J3VQppPOIt0MnmE+4xlZoumy0GPG0D0MVIQbNA1A=="
		},
		"ms": {
			"version": "2.1.1",
			"resolved": "https://registry.npmjs.org/ms/-/ms-2.1.1.tgz",
			"integrity": "sha512-tgp+dl5cGk28utYktBsrFqA7HKgrhgPsg6Z/EfhWI4gl1Hwq8B/GmY/0oXZ6nF8hDVesS/FpnYaD/kOWhYQvyg=="
		},
		"regenerator-runtime": {
			"version": "0.13.2",
			"resolved": "https://registry.npmjs.org/regenerator-runtime/-/regenerator-runtime-0.13.2.tgz",
			"integrity": "sha512-S/TQAZJO+D3m9xeN1WTI8dLKBBiRgXBlTJvbWjCThHWZj9EvHK70Ff50/tYj2J/fvBY6JtFVwRuazHN2E7M9BA=="
		}
	}
}
