{
	"name": "@liquality/terra-utils",
	"version": "1.13.7",
	"lockfileVersion": 2,
	"requires": true,
	"packages": {
		"": {
			"name": "@liquality/terra-utils",
			"version": "1.13.7",
			"license": "MIT",
			"dependencies": {
				"@types/luxon": "^1.27.1",
				"luxon": "^2.0.1"
			},
			"engines": {
				"node": ">=14"
			}
		},
		"node_modules/@types/luxon": {
			"version": "1.27.1",
			"resolved": "https://registry.npmjs.org/@types/luxon/-/luxon-1.27.1.tgz",
			"integrity": "sha512-cPiXpOvPFDr2edMnOXlz3UBDApwUfR+cpizvxCy0n3vp9bz/qe8BWzHPIEFcy+ogUOyjKuCISgyq77ELZPmkkg=="
		},
		"node_modules/luxon": {
			"version": "2.2.0",
			"resolved": "https://registry.npmjs.org/luxon/-/luxon-2.2.0.tgz",
			"integrity": "sha512-LwmknessH4jVIseCsizUgveIHwlLv/RQZWC2uDSMfGJs7w8faPUi2JFxfyfMcTPrpNbChTem3Uz6IKRtn+LcIA==",
			"engines": {
				"node": ">=12"
			}
		}
	},
	"dependencies": {
		"@types/luxon": {
			"version": "1.27.1",
			"resolved": "https://registry.npmjs.org/@types/luxon/-/luxon-1.27.1.tgz",
			"integrity": "sha512-cPiXpOvPFDr2edMnOXlz3UBDApwUfR+cpizvxCy0n3vp9bz/qe8BWzHPIEFcy+ogUOyjKuCISgyq77ELZPmkkg=="
		},
		"luxon": {
			"version": "2.2.0",
			"resolved": "https://registry.npmjs.org/luxon/-/luxon-2.2.0.tgz",
			"integrity": "sha512-LwmknessH4jVIseCsizUgveIHwlLv/RQZWC2uDSMfGJs7w8faPUi2JFxfyfMcTPrpNbChTem3Uz6IKRtn+LcIA=="
		}
	}
}
