{
	"name": "@liquality/ethereum-ledger-provider",
	"version": "0.8.1",
	"lockfileVersion": 1,
	"requires": true,
	"dependencies": {
		"@babel/polyfill": {
			"version": "7.12.1",
			"resolved": "https://registry.npmjs.org/@babel/polyfill/-/polyfill-7.12.1.tgz",
			"integrity": "sha512-X0pi0V6gxLi6lFZpGmeNa4zxtwEmCs42isWLNjZZDE0Y8yVfgu0T2OAHlzBbdYlqbW/YXVvoBHpATEM+goCj8g==",
			"requires": {
				"core-js": "^2.6.5",
				"regenerator-runtime": "^0.13.4"
			}
		},
		"@babel/runtime": {
			"version": "7.12.5",
			"resolved": "https://registry.npmjs.org/@babel/runtime/-/runtime-7.12.5.tgz",
			"integrity": "sha512-plcc+hbExy3McchJCEQG3knOsuh3HH+Prx1P6cLIkET/0dLuQDEnrT+s27Axgc9bqfsmNUNHfscgMUdBpC9xfg==",
			"requires": {
				"regenerator-runtime": "^0.13.4"
			}
		},
		"@ledgerhq/devices": {
			"version": "4.56.0",
			"resolved": "https://registry.npmjs.org/@ledgerhq/devices/-/devices-4.56.0.tgz",
			"integrity": "sha512-PQxXIdQm/9ZFysjK2ak/wbdyMRJ8vmMFom8R+afoPAMcNcx+/SS8Zsj4Y/enn4Gc1yWlaxz8UG4le0Zo2o+Mfg==",
			"requires": {
				"@ledgerhq/errors": "^4.56.0"
			}
		},
		"@ledgerhq/errors": {
			"version": "4.56.0",
			"resolved": "https://registry.npmjs.org/@ledgerhq/errors/-/errors-4.56.0.tgz",
			"integrity": "sha512-Y4InutOHRNYV7S/VylAuYgluOcGtnqFMdiHPxkJyJKFwnMPkvgcSE4zoX61FHrlXxEE6bYeaNTKcGfQ/HsV/ww=="
		},
		"@ledgerhq/hw-app-eth": {
			"version": "4.56.0",
			"resolved": "https://registry.npmjs.org/@ledgerhq/hw-app-eth/-/hw-app-eth-4.56.0.tgz",
			"integrity": "sha512-7b8RzwcLbQq8LRHd8GjOweq0WvlGcc2znfW90gNnydtjGYEf+97Mq0tNhEfxwbe3jmV5KPos4KFv2Z9uKYlHOA==",
			"requires": {
				"@ledgerhq/errors": "^4.56.0",
				"@ledgerhq/hw-transport": "^4.56.0"
			}
		},
		"@ledgerhq/hw-transport": {
			"version": "4.56.0",
			"resolved": "https://registry.npmjs.org/@ledgerhq/hw-transport/-/hw-transport-4.56.0.tgz",
			"integrity": "sha512-lZZxYuM3/BaOWW0JiExJnH+nQ6yM2hJ5foo2s1JkFvzuteUf3EHVxq7YM54qJCo4n8dhYc9rnosSGctiPFp1Jw==",
			"requires": {
				"@ledgerhq/devices": "^4.56.0",
				"@ledgerhq/errors": "^4.56.0",
				"events": "^3.0.0"
			}
		},
		"@ledgerhq/hw-transport-node-hid": {
			"version": "4.78.0",
			"resolved": "https://registry.npmjs.org/@ledgerhq/hw-transport-node-hid/-/hw-transport-node-hid-4.78.0.tgz",
			"integrity": "sha512-OMrY2ecfQ1XjMAuuHqu3n3agMPR06HN1s0ENrKc+Twbb5A17jujpv07WzjxfTN2V1G7vgeZpRqrg2ulhowWbdg==",
			"requires": {
				"@ledgerhq/devices": "^4.78.0",
				"@ledgerhq/errors": "^4.78.0",
				"@ledgerhq/hw-transport": "^4.78.0",
				"@ledgerhq/hw-transport-node-hid-noevents": "^4.78.0",
				"@ledgerhq/logs": "^4.72.0",
				"lodash": "^4.17.15",
				"node-hid": "^0.7.9",
				"usb": "^1.6.0"
			},
			"dependencies": {
				"@ledgerhq/devices": {
					"version": "4.78.0",
					"resolved": "https://registry.npmjs.org/@ledgerhq/devices/-/devices-4.78.0.tgz",
					"integrity": "sha512-tWKS5WM/UU82czihnVjRwz9SXNTQzWjGJ/7+j/xZ70O86nlnGJ1aaFbs5/WTzfrVKpOKgj1ZoZkAswX67i/JTw==",
					"requires": {
						"@ledgerhq/errors": "^4.78.0",
						"@ledgerhq/logs": "^4.72.0",
						"rxjs": "^6.5.3"
					}
				},
				"@ledgerhq/errors": {
					"version": "4.78.0",
					"resolved": "https://registry.npmjs.org/@ledgerhq/errors/-/errors-4.78.0.tgz",
					"integrity": "sha512-FX6zHZeiNtegBvXabK6M5dJ+8OV8kQGGaGtuXDeK/Ss5EmG4Ltxc6Lnhe8hiHpm9pCHtktOsnUVL7IFBdHhYUg=="
				},
				"@ledgerhq/hw-transport": {
					"version": "4.78.0",
					"resolved": "https://registry.npmjs.org/@ledgerhq/hw-transport/-/hw-transport-4.78.0.tgz",
					"integrity": "sha512-xQu16OMPQjFYLjqCysij+8sXtdWv2YLxPrB6FoLvEWGTlQ7yL1nUBRQyzyQtWIYqZd4THQowQmzm1VjxuN6SZw==",
					"requires": {
						"@ledgerhq/devices": "^4.78.0",
						"@ledgerhq/errors": "^4.78.0",
						"events": "^3.0.0"
					}
				}
			}
		},
		"@ledgerhq/hw-transport-node-hid-noevents": {
			"version": "4.78.0",
			"resolved": "https://registry.npmjs.org/@ledgerhq/hw-transport-node-hid-noevents/-/hw-transport-node-hid-noevents-4.78.0.tgz",
			"integrity": "sha512-CJPVR4wksq+apiXH2GnsttguBxmj9zdM2HjqZ3dHZN8SFW/9Xj3k+baS+pYoUISkECVxDrdfaW3Bd5dWv+jPUg==",
			"requires": {
				"@ledgerhq/devices": "^4.78.0",
				"@ledgerhq/errors": "^4.78.0",
				"@ledgerhq/hw-transport": "^4.78.0",
				"@ledgerhq/logs": "^4.72.0",
				"node-hid": "^0.7.9"
			},
			"dependencies": {
				"@ledgerhq/devices": {
					"version": "4.78.0",
					"resolved": "https://registry.npmjs.org/@ledgerhq/devices/-/devices-4.78.0.tgz",
					"integrity": "sha512-tWKS5WM/UU82czihnVjRwz9SXNTQzWjGJ/7+j/xZ70O86nlnGJ1aaFbs5/WTzfrVKpOKgj1ZoZkAswX67i/JTw==",
					"requires": {
						"@ledgerhq/errors": "^4.78.0",
						"@ledgerhq/logs": "^4.72.0",
						"rxjs": "^6.5.3"
					}
				},
				"@ledgerhq/errors": {
					"version": "4.78.0",
					"resolved": "https://registry.npmjs.org/@ledgerhq/errors/-/errors-4.78.0.tgz",
					"integrity": "sha512-FX6zHZeiNtegBvXabK6M5dJ+8OV8kQGGaGtuXDeK/Ss5EmG4Ltxc6Lnhe8hiHpm9pCHtktOsnUVL7IFBdHhYUg=="
				},
				"@ledgerhq/hw-transport": {
					"version": "4.78.0",
					"resolved": "https://registry.npmjs.org/@ledgerhq/hw-transport/-/hw-transport-4.78.0.tgz",
					"integrity": "sha512-xQu16OMPQjFYLjqCysij+8sXtdWv2YLxPrB6FoLvEWGTlQ7yL1nUBRQyzyQtWIYqZd4THQowQmzm1VjxuN6SZw==",
					"requires": {
						"@ledgerhq/devices": "^4.78.0",
						"@ledgerhq/errors": "^4.78.0",
						"events": "^3.0.0"
					}
				}
			}
		},
		"@ledgerhq/hw-transport-u2f": {
			"version": "4.78.0",
			"resolved": "https://registry.npmjs.org/@ledgerhq/hw-transport-u2f/-/hw-transport-u2f-4.78.0.tgz",
			"integrity": "sha512-+0Gw5cIr8zCHM+HCS3ACgxmCLZMvJKepFplsjNq7AnRzlXcrMnReiPwt4kw+wXizIDvNQpzi7QFSYtfxa/Gdng==",
			"requires": {
				"@ledgerhq/errors": "^4.78.0",
				"@ledgerhq/hw-transport": "^4.78.0",
				"@ledgerhq/logs": "^4.72.0",
				"u2f-api": "0.2.7"
			},
			"dependencies": {
				"@ledgerhq/devices": {
					"version": "4.78.0",
					"resolved": "https://registry.npmjs.org/@ledgerhq/devices/-/devices-4.78.0.tgz",
					"integrity": "sha512-tWKS5WM/UU82czihnVjRwz9SXNTQzWjGJ/7+j/xZ70O86nlnGJ1aaFbs5/WTzfrVKpOKgj1ZoZkAswX67i/JTw==",
					"requires": {
						"@ledgerhq/errors": "^4.78.0",
						"@ledgerhq/logs": "^4.72.0",
						"rxjs": "^6.5.3"
					}
				},
				"@ledgerhq/errors": {
					"version": "4.78.0",
					"resolved": "https://registry.npmjs.org/@ledgerhq/errors/-/errors-4.78.0.tgz",
					"integrity": "sha512-FX6zHZeiNtegBvXabK6M5dJ+8OV8kQGGaGtuXDeK/Ss5EmG4Ltxc6Lnhe8hiHpm9pCHtktOsnUVL7IFBdHhYUg=="
				},
				"@ledgerhq/hw-transport": {
					"version": "4.78.0",
					"resolved": "https://registry.npmjs.org/@ledgerhq/hw-transport/-/hw-transport-4.78.0.tgz",
					"integrity": "sha512-xQu16OMPQjFYLjqCysij+8sXtdWv2YLxPrB6FoLvEWGTlQ7yL1nUBRQyzyQtWIYqZd4THQowQmzm1VjxuN6SZw==",
					"requires": {
						"@ledgerhq/devices": "^4.78.0",
						"@ledgerhq/errors": "^4.78.0",
						"events": "^3.0.0"
					}
				}
			}
		},
		"@ledgerhq/hw-transport-web-ble": {
			"version": "4.78.0",
			"resolved": "https://registry.npmjs.org/@ledgerhq/hw-transport-web-ble/-/hw-transport-web-ble-4.78.0.tgz",
			"integrity": "sha512-YOdVCPPg5gloTfZyLIU2ra4x/4iyU9exuD5M9P7z3Q84+q24cWi0ddDNmLsXCINr8UOuGa/M5lay/Rt5XzBRyg==",
			"requires": {
				"@ledgerhq/devices": "^4.78.0",
				"@ledgerhq/errors": "^4.78.0",
				"@ledgerhq/hw-transport": "^4.78.0",
				"@ledgerhq/logs": "^4.72.0",
				"rxjs": "^6.5.3"
			},
			"dependencies": {
				"@ledgerhq/devices": {
					"version": "4.78.0",
					"resolved": "https://registry.npmjs.org/@ledgerhq/devices/-/devices-4.78.0.tgz",
					"integrity": "sha512-tWKS5WM/UU82czihnVjRwz9SXNTQzWjGJ/7+j/xZ70O86nlnGJ1aaFbs5/WTzfrVKpOKgj1ZoZkAswX67i/JTw==",
					"requires": {
						"@ledgerhq/errors": "^4.78.0",
						"@ledgerhq/logs": "^4.72.0",
						"rxjs": "^6.5.3"
					}
				},
				"@ledgerhq/errors": {
					"version": "4.78.0",
					"resolved": "https://registry.npmjs.org/@ledgerhq/errors/-/errors-4.78.0.tgz",
					"integrity": "sha512-FX6zHZeiNtegBvXabK6M5dJ+8OV8kQGGaGtuXDeK/Ss5EmG4Ltxc6Lnhe8hiHpm9pCHtktOsnUVL7IFBdHhYUg=="
				},
				"@ledgerhq/hw-transport": {
					"version": "4.78.0",
					"resolved": "https://registry.npmjs.org/@ledgerhq/hw-transport/-/hw-transport-4.78.0.tgz",
					"integrity": "sha512-xQu16OMPQjFYLjqCysij+8sXtdWv2YLxPrB6FoLvEWGTlQ7yL1nUBRQyzyQtWIYqZd4THQowQmzm1VjxuN6SZw==",
					"requires": {
						"@ledgerhq/devices": "^4.78.0",
						"@ledgerhq/errors": "^4.78.0",
						"events": "^3.0.0"
					}
				}
			}
		},
		"@ledgerhq/hw-transport-webusb": {
			"version": "4.78.0",
			"resolved": "https://registry.npmjs.org/@ledgerhq/hw-transport-webusb/-/hw-transport-webusb-4.78.0.tgz",
			"integrity": "sha512-od5dp15PDYamlcJci5mD1TgjN0gva3ed1eZ0oXd4/CJwAz5Q+IoyTZnVq03UX1U+0ShF5QqnqAMxsK4YWkVwsw==",
			"requires": {
				"@ledgerhq/devices": "^4.78.0",
				"@ledgerhq/errors": "^4.78.0",
				"@ledgerhq/hw-transport": "^4.78.0",
				"@ledgerhq/logs": "^4.72.0"
			},
			"dependencies": {
				"@ledgerhq/devices": {
					"version": "4.78.0",
					"resolved": "https://registry.npmjs.org/@ledgerhq/devices/-/devices-4.78.0.tgz",
					"integrity": "sha512-tWKS5WM/UU82czihnVjRwz9SXNTQzWjGJ/7+j/xZ70O86nlnGJ1aaFbs5/WTzfrVKpOKgj1ZoZkAswX67i/JTw==",
					"requires": {
						"@ledgerhq/errors": "^4.78.0",
						"@ledgerhq/logs": "^4.72.0",
						"rxjs": "^6.5.3"
					}
				},
				"@ledgerhq/errors": {
					"version": "4.78.0",
					"resolved": "https://registry.npmjs.org/@ledgerhq/errors/-/errors-4.78.0.tgz",
					"integrity": "sha512-FX6zHZeiNtegBvXabK6M5dJ+8OV8kQGGaGtuXDeK/Ss5EmG4Ltxc6Lnhe8hiHpm9pCHtktOsnUVL7IFBdHhYUg=="
				},
				"@ledgerhq/hw-transport": {
					"version": "4.78.0",
					"resolved": "https://registry.npmjs.org/@ledgerhq/hw-transport/-/hw-transport-4.78.0.tgz",
					"integrity": "sha512-xQu16OMPQjFYLjqCysij+8sXtdWv2YLxPrB6FoLvEWGTlQ7yL1nUBRQyzyQtWIYqZd4THQowQmzm1VjxuN6SZw==",
					"requires": {
						"@ledgerhq/devices": "^4.78.0",
						"@ledgerhq/errors": "^4.78.0",
						"events": "^3.0.0"
					}
				}
			}
		},
		"@ledgerhq/logs": {
			"version": "4.72.0",
			"resolved": "https://registry.npmjs.org/@ledgerhq/logs/-/logs-4.72.0.tgz",
			"integrity": "sha512-o+TYF8vBcyySRsb2kqBDv/KMeme8a2nwWoG+lAWzbDmWfb2/MrVWYCVYDYvjXdSoI/Cujqy1i0gIDrkdxa9chA=="
		},
		"@liquality/crypto": {
			"version": "0.8.1",
			"resolved": "https://registry.npmjs.org/@liquality/crypto/-/crypto-0.8.1.tgz",
			"integrity": "sha512-oTblomTtTYT8KzCeZDdMsl1qOYp0ZcOZlN9GU8TnAes+Or1UnNopNBSNTcu0bdyb/5wYAZ1AsZM5Iyho1LBpqg==",
			"requires": {
				"@babel/runtime": "^7.12.1",
				"bech32": "^1.1.3",
				"bs58": "^4.0.1",
				"crypto-hashing": "^1.0.0"
			}
		},
		"@liquality/debug": {
			"version": "0.8.1",
			"resolved": "https://registry.npmjs.org/@liquality/debug/-/debug-0.8.1.tgz",
			"integrity": "sha512-miAsD3ga2IkbeaNg+p0htyo/rsJtHZ6gC9VgUvjSqJRoLCwH7I99JJ5mIthbnmadqRCsz7VXRo41jJ4ly3m+cw==",
			"requires": {
				"@babel/runtime": "^7.12.1",
				"debug": "^4.1.1"
			}
		},
		"@liquality/errors": {
			"version": "0.8.1",
			"resolved": "https://registry.npmjs.org/@liquality/errors/-/errors-0.8.1.tgz",
			"integrity": "sha512-zLXsSzbg7FQ/HwsYf2M3Jf+0NrnfS8DRMDCJWmJxgDnRSEJCmd/Iaw6CrHP5+8KwasZk3Z06SdRy6n2Wtpegwg==",
			"requires": {
				"@babel/runtime": "^7.12.1",
				"standard-error": "^1.1.0"
			}
		},
		"@liquality/ethereum-networks": {
			"version": "0.8.1",
			"resolved": "https://registry.npmjs.org/@liquality/ethereum-networks/-/ethereum-networks-0.8.1.tgz",
			"integrity": "sha512-SopwwkNvrWAOQgV/MUgJliAJ8L/PARGwhR7G2RQpGjVBvqKFie3jxrCtD9aoxZPGLktRa4u+Ka7cI8I86LiwzA==",
			"requires": {
				"@babel/runtime": "^7.12.1"
			}
		},
		"@liquality/ethereum-utils": {
			"version": "0.8.1",
			"resolved": "https://registry.npmjs.org/@liquality/ethereum-utils/-/ethereum-utils-0.8.1.tgz",
			"integrity": "sha512-fcfkmvaIldLwJigKn/YT7wh2E6oFi93yh4tzuXQiKYSoiU8k+r4n/Qkl/OZXtD1U2zxjvfZLKar1h9s+K3MENg==",
			"requires": {
				"@babel/runtime": "^7.12.1",
				"@liquality/crypto": "^0.8.1",
				"@liquality/schema": "^0.8.1",
				"@liquality/utils": "^0.8.1",
				"bignumber.js": "^9.0.0",
				"eip55": "^1.0.3",
				"lodash": "^4.17.20"
			}
		},
		"@liquality/ledger-provider": {
			"version": "0.8.1",
			"resolved": "https://registry.npmjs.org/@liquality/ledger-provider/-/ledger-provider-0.8.1.tgz",
			"integrity": "sha512-wCpEHSxq7okUI293jAIFolRGrZcvhs0V2qul8MHGcBBQAO/KIZ5K/pwoC9GTPOZJMunDkxf5WYSSR1C9fQVkMg==",
			"requires": {
				"@babel/polyfill": "^7.12.1",
				"@babel/runtime": "^7.12.1",
				"@ledgerhq/hw-transport-node-hid": "^4.56.0",
				"@ledgerhq/hw-transport-u2f": "^4.56.0",
				"@ledgerhq/hw-transport-web-ble": "^4.56.0",
				"@ledgerhq/hw-transport-webusb": "^4.56.0",
				"@liquality/debug": "^0.8.1",
				"@liquality/errors": "^0.8.1",
				"@liquality/wallet-provider": "^0.8.1"
			}
		},
		"@liquality/provider": {
			"version": "0.8.1",
			"resolved": "https://registry.npmjs.org/@liquality/provider/-/provider-0.8.1.tgz",
			"integrity": "sha512-Ajx0booPF5HsKZq+nFtzUj8na3Kw8QY+OFEu/gPmCnD38PlaCxS75WgsI7uysBFbAK9kg7nbNandim2AIm8RUQ==",
			"requires": {
				"@babel/runtime": "^7.12.1"
			}
		},
		"@liquality/schema": {
			"version": "0.8.1",
			"resolved": "https://registry.npmjs.org/@liquality/schema/-/schema-0.8.1.tgz",
			"integrity": "sha512-M1nXuuvlRvT+Zci7AqhB1Xf1DzzdWGf1hqB1yVtNxVwtW1IepRUZj5Nl87ixQudWdLloQJr22NpvWP8BdXkA7A==",
			"requires": {
				"@babel/runtime": "^7.12.1"
			}
		},
		"@liquality/utils": {
			"version": "0.8.1",
			"resolved": "https://registry.npmjs.org/@liquality/utils/-/utils-0.8.1.tgz",
			"integrity": "sha512-F9xAj+cwUaQ9ToKJHXoQBK7ScQjb+alTcO6eQhAB+h5oz+WDBseO4z5TLmln//y9+qDlWCG+lRE9R3UElO+H5w==",
			"requires": {
				"@babel/runtime": "^7.12.1"
			}
		},
		"@liquality/wallet-provider": {
			"version": "0.8.1",
			"resolved": "https://registry.npmjs.org/@liquality/wallet-provider/-/wallet-provider-0.8.1.tgz",
			"integrity": "sha512-IB64DnXCC14BpYnRbni2IfV8jUfIHIGIMYV6PvlUXURZ56BOeymxYSpy8bxOrTZvDMnwyqZHGGDdudx7kRJCBg==",
			"requires": {
				"@babel/runtime": "^7.12.1",
				"@liquality/errors": "^0.8.1",
				"@liquality/provider": "^0.8.1",
				"lodash": "^4.17.20"
			}
		},
		"@types/node": {
			"version": "14.14.10",
			"resolved": "https://registry.npmjs.org/@types/node/-/node-14.14.10.tgz",
			"integrity": "sha512-J32dgx2hw8vXrSbu4ZlVhn1Nm3GbeCFNw2FWL8S5QKucHGY0cyNwjdQdO+KMBZ4wpmC7KhLCiNsdk1RFRIYUQQ=="
		},
		"@types/pbkdf2": {
			"version": "3.1.0",
			"resolved": "https://registry.npmjs.org/@types/pbkdf2/-/pbkdf2-3.1.0.tgz",
			"integrity": "sha512-Cf63Rv7jCQ0LaL8tNXmEyqTHuIJxRdlS5vMh1mj5voN4+QFhVZnlZruezqpWYDiJ8UTzhP0VmeLXCmBk66YrMQ==",
			"requires": {
				"@types/node": "*"
			}
		},
		"@types/secp256k1": {
			"version": "4.0.1",
			"resolved": "https://registry.npmjs.org/@types/secp256k1/-/secp256k1-4.0.1.tgz",
			"integrity": "sha512-+ZjSA8ELlOp8SlKi0YLB2tz9d5iPNEmOBd+8Rz21wTMdaXQIa9b6TEnD6l5qKOCypE7FSyPyck12qZJxSDNoog==",
			"requires": {
				"@types/node": "*"
			}
		},
		"ansi-regex": {
			"version": "2.1.1",
			"resolved": "https://registry.npmjs.org/ansi-regex/-/ansi-regex-2.1.1.tgz",
			"integrity": "sha1-w7M6te42DYbg5ijwRorn7yfWVN8="
		},
		"aproba": {
			"version": "1.2.0",
			"resolved": "https://registry.npmjs.org/aproba/-/aproba-1.2.0.tgz",
			"integrity": "sha512-Y9J6ZjXtoYh8RnXVCMOU/ttDmk1aBjunq9vO0ta5x85WDQiQfUF9sIPBITdbiiIVcBo03Hi3jMxigBtsddlXRw=="
		},
		"are-we-there-yet": {
			"version": "1.1.5",
			"resolved": "https://registry.npmjs.org/are-we-there-yet/-/are-we-there-yet-1.1.5.tgz",
			"integrity": "sha512-5hYdAkZlcG8tOLujVDTgCT+uPX0VnpAH28gWsLfzpXYm7wP6mp5Q/gYyR7YQ0cKVJcXJnl3j2kpBan13PtQf6w==",
			"requires": {
				"delegates": "^1.0.0",
				"readable-stream": "^2.0.6"
			},
			"dependencies": {
				"readable-stream": {
					"version": "2.3.7",
					"resolved": "https://registry.npmjs.org/readable-stream/-/readable-stream-2.3.7.tgz",
					"integrity": "sha512-Ebho8K4jIbHAxnuxi7o42OrZgF/ZTNcsZj6nRKyUmkhLFq8CHItp/fy6hQZuZmP/n3yZ9VBUbp4zz/mX8hmYPw==",
					"requires": {
						"core-util-is": "~1.0.0",
						"inherits": "~2.0.3",
						"isarray": "~1.0.0",
						"process-nextick-args": "~2.0.0",
						"safe-buffer": "~5.1.1",
						"string_decoder": "~1.1.1",
						"util-deprecate": "~1.0.1"
					}
				},
				"safe-buffer": {
					"version": "5.1.2",
					"resolved": "https://registry.npmjs.org/safe-buffer/-/safe-buffer-5.1.2.tgz",
					"integrity": "sha512-Gd2UZBJDkXlY7GbJxfsE8/nvKkUEU1G38c1siN6QP6a9PT9MmHB8GnpscSmMJSoF8LOIrt8ud/wPtojys4G6+g=="
				},
				"string_decoder": {
					"version": "1.1.1",
					"resolved": "https://registry.npmjs.org/string_decoder/-/string_decoder-1.1.1.tgz",
					"integrity": "sha512-n/ShnvDi6FHbbVfviro+WojiFzv+s8MPMHBczVePfUpDJLwoLT0ht1l4YwBCbi8pJAveEEdnkHyPyTP/mzRfwg==",
					"requires": {
						"safe-buffer": "~5.1.0"
					}
				}
			}
		},
		"base-x": {
			"version": "3.0.8",
			"resolved": "https://registry.npmjs.org/base-x/-/base-x-3.0.8.tgz",
			"integrity": "sha512-Rl/1AWP4J/zRrk54hhlxH4drNxPJXYUaKffODVI53/dAsV4t9fBxyxYKAVPU1XBHxYwOWP9h9H0hM2MVw4YfJA==",
			"requires": {
				"safe-buffer": "^5.0.1"
			}
		},
		"base64-js": {
			"version": "1.5.1",
			"resolved": "https://registry.npmjs.org/base64-js/-/base64-js-1.5.1.tgz",
			"integrity": "sha512-AKpaYlHn8t4SVbOHCy+b5+KKgvR4vrsD8vbvrbiQJps7fKDTkjkDry6ji0rUJjC0kzbNePLwzxq8iypo41qeWA=="
		},
		"bech32": {
			"version": "1.1.4",
			"resolved": "https://registry.npmjs.org/bech32/-/bech32-1.1.4.tgz",
			"integrity": "sha512-s0IrSOzLlbvX7yp4WBfPITzpAU8sqQcpsmwXDiKwrG4r491vwCO/XpejasRNl0piBMe/DvP4Tz0mIS/X1DPJBQ=="
		},
		"bignumber.js": {
			"version": "9.0.1",
			"resolved": "https://registry.npmjs.org/bignumber.js/-/bignumber.js-9.0.1.tgz",
			"integrity": "sha512-IdZR9mh6ahOBv/hYGiXyVuyCetmGJhtYkqLBpTStdhEGjegpPlUawydyaF3pbIOFynJTpllEs+NP+CS9jKFLjA=="
		},
		"bindings": {
			"version": "1.5.0",
			"resolved": "https://registry.npmjs.org/bindings/-/bindings-1.5.0.tgz",
			"integrity": "sha512-p2q/t/mhvuOj/UeLlV6566GD/guowlr0hHxClI0W9m7MWYkL1F0hLo+0Aexs9HSPCtR1SXQ0TD3MMKrXZajbiQ==",
			"requires": {
				"file-uri-to-path": "1.0.0"
			}
		},
		"bl": {
			"version": "4.0.3",
			"resolved": "https://registry.npmjs.org/bl/-/bl-4.0.3.tgz",
			"integrity": "sha512-fs4G6/Hu4/EE+F75J8DuN/0IpQqNjAdC7aEQv7Qt8MHGUH7Ckv2MwTEEeN9QehD0pfIDkMI1bkHYkKy7xHyKIg==",
			"requires": {
				"buffer": "^5.5.0",
				"inherits": "^2.0.4",
				"readable-stream": "^3.4.0"
			}
		},
		"blakejs": {
			"version": "1.1.0",
			"resolved": "https://registry.npmjs.org/blakejs/-/blakejs-1.1.0.tgz",
			"integrity": "sha1-ad+S75U6qIylGjLfarHFShVfx6U="
		},
		"bn.js": {
			"version": "4.11.9",
			"resolved": "https://registry.npmjs.org/bn.js/-/bn.js-4.11.9.tgz",
			"integrity": "sha512-E6QoYqCKZfgatHTdHzs1RRKP7ip4vvm+EyRUeE2RF0NblwVvb0p6jSVeNTOFxPn26QXN2o6SMfNxKp6kU8zQaw=="
		},
		"brorand": {
			"version": "1.1.0",
			"resolved": "https://registry.npmjs.org/brorand/-/brorand-1.1.0.tgz",
			"integrity": "sha1-EsJe/kCkXjwyPrhnWgoM5XsiNx8="
		},
		"browserify-aes": {
			"version": "1.2.0",
			"resolved": "https://registry.npmjs.org/browserify-aes/-/browserify-aes-1.2.0.tgz",
			"integrity": "sha512-+7CHXqGuspUn/Sl5aO7Ea0xWGAtETPXNSAjHo48JfLdPWcMng33Xe4znFvQweqc/uzk5zSOI3H52CYnjCfb5hA==",
			"requires": {
				"buffer-xor": "^1.0.3",
				"cipher-base": "^1.0.0",
				"create-hash": "^1.1.0",
				"evp_bytestokey": "^1.0.3",
				"inherits": "^2.0.1",
				"safe-buffer": "^5.0.1"
			}
		},
		"bs58": {
			"version": "4.0.1",
			"resolved": "https://registry.npmjs.org/bs58/-/bs58-4.0.1.tgz",
			"integrity": "sha1-vhYedsNU9veIrkBx9j806MTwpCo=",
			"requires": {
				"base-x": "^3.0.2"
			}
		},
		"bs58check": {
			"version": "2.1.2",
			"resolved": "https://registry.npmjs.org/bs58check/-/bs58check-2.1.2.tgz",
			"integrity": "sha512-0TS1jicxdU09dwJMNZtVAfzPi6Q6QeN0pM1Fkzrjn+XYHvzMKPU3pHVpva+769iNVSfIYWf7LJ6WR+BuuMf8cA==",
			"requires": {
				"bs58": "^4.0.0",
				"create-hash": "^1.1.0",
				"safe-buffer": "^5.1.2"
			}
		},
		"buffer": {
			"version": "5.7.1",
			"resolved": "https://registry.npmjs.org/buffer/-/buffer-5.7.1.tgz",
			"integrity": "sha512-EHcyIPBQ4BSGlvjB16k5KgAJ27CIsHY/2JBmCRReo48y9rQ3MaUzWX3KVlBa4U7MyX02HdVj0K7C3WaB3ju7FQ==",
			"requires": {
				"base64-js": "^1.3.1",
				"ieee754": "^1.1.13"
			}
		},
		"buffer-xor": {
			"version": "1.0.3",
			"resolved": "https://registry.npmjs.org/buffer-xor/-/buffer-xor-1.0.3.tgz",
			"integrity": "sha1-JuYe0UIvtw3ULm42cp7VHYVf6Nk="
		},
		"chownr": {
			"version": "1.1.4",
			"resolved": "https://registry.npmjs.org/chownr/-/chownr-1.1.4.tgz",
			"integrity": "sha512-jJ0bqzaylmJtVnNgzTeSOs8DPavpbYgEr/b0YL8/2GO3xJEhInFmhKMUnEJQjZumK7KXGFhUy89PrsJWlakBVg=="
		},
		"cipher-base": {
			"version": "1.0.4",
			"resolved": "https://registry.npmjs.org/cipher-base/-/cipher-base-1.0.4.tgz",
			"integrity": "sha512-Kkht5ye6ZGmwv40uUDZztayT2ThLQGfnj/T71N/XzeZeo3nf8foyW7zGTsPYkEya3m5f3cAypH+qe7YOrM1U2Q==",
			"requires": {
				"inherits": "^2.0.1",
				"safe-buffer": "^5.0.1"
			}
		},
		"code-point-at": {
			"version": "1.1.0",
			"resolved": "https://registry.npmjs.org/code-point-at/-/code-point-at-1.1.0.tgz",
			"integrity": "sha1-DQcLTQQ6W+ozovGkDi7bPZpMz3c="
		},
		"console-control-strings": {
			"version": "1.1.0",
			"resolved": "https://registry.npmjs.org/console-control-strings/-/console-control-strings-1.1.0.tgz",
			"integrity": "sha1-PXz0Rk22RG6mRL9LOVB/mFEAjo4="
		},
		"core-js": {
			"version": "2.6.12",
			"resolved": "https://registry.npmjs.org/core-js/-/core-js-2.6.12.tgz",
			"integrity": "sha512-Kb2wC0fvsWfQrgk8HU5lW6U/Lcs8+9aaYcy4ZFc6DDlo4nZ7n70dEgE5rtR0oG6ufKDUnrwfWL1mXR5ljDatrQ=="
		},
		"core-util-is": {
			"version": "1.0.2",
			"resolved": "https://registry.npmjs.org/core-util-is/-/core-util-is-1.0.2.tgz",
			"integrity": "sha1-tf1UIgqivFq1eqtxQMlAdUUDwac="
		},
		"create-hash": {
			"version": "1.2.0",
			"resolved": "https://registry.npmjs.org/create-hash/-/create-hash-1.2.0.tgz",
			"integrity": "sha512-z00bCGNHDG8mHAkP7CtT1qVu+bFQUPjYq/4Iv3C3kWjTFV10zIjfSoeqXo9Asws8gwSHDGj/hl2u4OGIjapeCg==",
			"requires": {
				"cipher-base": "^1.0.1",
				"inherits": "^2.0.1",
				"md5.js": "^1.3.4",
				"ripemd160": "^2.0.1",
				"sha.js": "^2.4.0"
			}
		},
		"create-hmac": {
			"version": "1.1.7",
			"resolved": "https://registry.npmjs.org/create-hmac/-/create-hmac-1.1.7.tgz",
			"integrity": "sha512-MJG9liiZ+ogc4TzUwuvbER1JRdgvUFSB5+VR/g5h82fGaIRWMWddtKBHi7/sVhfjQZ6SehlyhvQYrcYkaUIpLg==",
			"requires": {
				"cipher-base": "^1.0.3",
				"create-hash": "^1.1.0",
				"inherits": "^2.0.1",
				"ripemd160": "^2.0.0",
				"safe-buffer": "^5.0.1",
				"sha.js": "^2.4.8"
			}
		},
		"crypto-hashing": {
			"version": "1.0.0",
			"resolved": "https://registry.npmjs.org/crypto-hashing/-/crypto-hashing-1.0.0.tgz",
			"integrity": "sha1-MOFnNxkUMJVToevrHL5nU7DIjKo=",
			"requires": {
				"create-hash": "^1.1.2"
			}
		},
		"debug": {
			"version": "4.3.1",
			"resolved": "https://registry.npmjs.org/debug/-/debug-4.3.1.tgz",
			"integrity": "sha512-doEwdvm4PCeK4K3RQN2ZC2BYUBaxwLARCqZmMjtF8a51J2Rb0xpVloFRnCODwqjpwnAoao4pelN8l3RJdv3gRQ==",
			"requires": {
				"ms": "2.1.2"
			}
		},
		"decompress-response": {
			"version": "4.2.1",
			"resolved": "https://registry.npmjs.org/decompress-response/-/decompress-response-4.2.1.tgz",
			"integrity": "sha512-jOSne2qbyE+/r8G1VU+G/82LBs2Fs4LAsTiLSHOCOMZQl2OKZ6i8i4IyHemTe+/yIXOtTcRQMzPcgyhoFlqPkw==",
			"requires": {
				"mimic-response": "^2.0.0"
			}
		},
		"deep-extend": {
			"version": "0.6.0",
			"resolved": "https://registry.npmjs.org/deep-extend/-/deep-extend-0.6.0.tgz",
			"integrity": "sha512-LOHxIOaPYdHlJRtCQfDIVZtfw/ufM8+rVj649RIHzcm/vGwQRXFt6OPqIFWsm2XEMrNIEtWR64sY1LEKD2vAOA=="
		},
		"delegates": {
			"version": "1.0.0",
			"resolved": "https://registry.npmjs.org/delegates/-/delegates-1.0.0.tgz",
			"integrity": "sha1-hMbhWbgZBP3KWaDvRM2HDTElD5o="
		},
		"detect-libc": {
			"version": "1.0.3",
			"resolved": "https://registry.npmjs.org/detect-libc/-/detect-libc-1.0.3.tgz",
			"integrity": "sha1-+hN8S9aY7fVc1c0CrFWfkaTEups="
		},
		"eip55": {
			"version": "1.0.3",
			"resolved": "https://registry.npmjs.org/eip55/-/eip55-1.0.3.tgz",
			"integrity": "sha512-x1p4OJNlt0G3mPPZx9GgwOaLFvz8Wd4VFpkx3iNzW4SrakFnjjO4mDdmAJpETxJZp9SlNB4UFqDuFhElnX9K/Q==",
			"requires": {
				"keccak": "^1.3.0"
			}
		},
		"elliptic": {
			"version": "6.5.3",
			"resolved": "https://registry.npmjs.org/elliptic/-/elliptic-6.5.3.tgz",
			"integrity": "sha512-IMqzv5wNQf+E6aHeIqATs0tOLeOTwj1QKbRcS3jBbYkl5oLAserA8yJTT7/VyHUYG91PRmPyeQDObKLPpeS4dw==",
			"requires": {
				"bn.js": "^4.4.0",
				"brorand": "^1.0.1",
				"hash.js": "^1.0.0",
				"hmac-drbg": "^1.0.0",
				"inherits": "^2.0.1",
				"minimalistic-assert": "^1.0.0",
				"minimalistic-crypto-utils": "^1.0.0"
			}
		},
		"end-of-stream": {
			"version": "1.4.4",
			"resolved": "https://registry.npmjs.org/end-of-stream/-/end-of-stream-1.4.4.tgz",
			"integrity": "sha512-+uw1inIHVPQoaVuHzRyXd21icM+cnt4CzD5rW+NC1wjOUSTOs+Te7FOv7AhN7vS9x/oIyhLP5PR1H+phQAHu5Q==",
			"requires": {
				"once": "^1.4.0"
			}
		},
		"ethereum-common": {
			"version": "0.0.18",
			"resolved": "https://registry.npmjs.org/ethereum-common/-/ethereum-common-0.0.18.tgz",
			"integrity": "sha1-L9w1dvIykDNYl26znaeDIT/5Uj8="
		},
		"ethereum-cryptography": {
			"version": "0.1.3",
			"resolved": "https://registry.npmjs.org/ethereum-cryptography/-/ethereum-cryptography-0.1.3.tgz",
			"integrity": "sha512-w8/4x1SGGzc+tO97TASLja6SLd3fRIK2tLVcV2Gx4IB21hE19atll5Cq9o3d0ZmAYC/8aw0ipieTSiekAea4SQ==",
			"requires": {
				"@types/pbkdf2": "^3.0.0",
				"@types/secp256k1": "^4.0.1",
				"blakejs": "^1.1.0",
				"browserify-aes": "^1.2.0",
				"bs58check": "^2.1.2",
				"create-hash": "^1.2.0",
				"create-hmac": "^1.1.7",
				"hash.js": "^1.1.7",
				"keccak": "^3.0.0",
				"pbkdf2": "^3.0.17",
				"randombytes": "^2.1.0",
				"safe-buffer": "^5.1.2",
				"scrypt-js": "^3.0.0",
				"secp256k1": "^4.0.1",
				"setimmediate": "^1.0.5"
			},
			"dependencies": {
				"keccak": {
					"version": "3.0.1",
					"resolved": "https://registry.npmjs.org/keccak/-/keccak-3.0.1.tgz",
					"integrity": "sha512-epq90L9jlFWCW7+pQa6JOnKn2Xgl2mtI664seYR6MHskvI9agt7AnDqmAlp9TqU4/caMYbA08Hi5DMZAl5zdkA==",
					"requires": {
						"node-addon-api": "^2.0.0",
						"node-gyp-build": "^4.2.0"
					}
				}
			}
		},
		"ethereumjs-tx": {
			"version": "1.3.7",
			"resolved": "https://registry.npmjs.org/ethereumjs-tx/-/ethereumjs-tx-1.3.7.tgz",
			"integrity": "sha512-wvLMxzt1RPhAQ9Yi3/HKZTn0FZYpnsmQdbKYfUUpi4j1SEIcbkd9tndVjcPrufY3V7j2IebOpC00Zp2P/Ay2kA==",
			"requires": {
				"ethereum-common": "^0.0.18",
				"ethereumjs-util": "^5.0.0"
			}
		},
		"ethereumjs-util": {
			"version": "5.2.1",
			"resolved": "https://registry.npmjs.org/ethereumjs-util/-/ethereumjs-util-5.2.1.tgz",
			"integrity": "sha512-v3kT+7zdyCm1HIqWlLNrHGqHGLpGYIhjeHxQjnDXjLT2FyGJDsd3LWMYUo7pAFRrk86CR3nUJfhC81CCoJNNGQ==",
			"requires": {
				"bn.js": "^4.11.0",
				"create-hash": "^1.1.2",
				"elliptic": "^6.5.2",
				"ethereum-cryptography": "^0.1.3",
				"ethjs-util": "^0.1.3",
				"rlp": "^2.0.0",
				"safe-buffer": "^5.1.1"
			}
		},
		"ethjs-util": {
			"version": "0.1.6",
			"resolved": "https://registry.npmjs.org/ethjs-util/-/ethjs-util-0.1.6.tgz",
			"integrity": "sha512-CUnVOQq7gSpDHZVVrQW8ExxUETWrnrvXYvYz55wOU8Uj4VCgw56XC2B/fVqQN+f7gmrnRHSLVnFAwsCuNwji8w==",
			"requires": {
				"is-hex-prefixed": "1.0.0",
				"strip-hex-prefix": "1.0.0"
			}
		},
		"events": {
			"version": "3.0.0",
			"resolved": "https://registry.npmjs.org/events/-/events-3.0.0.tgz",
			"integrity": "sha512-Dc381HFWJzEOhQ+d8pkNon++bk9h6cdAoAj4iE6Q4y6xgTzySWXlKn05/TVNpjnfRqi/X0EpJEJohPjNI3zpVA=="
		},
		"evp_bytestokey": {
			"version": "1.0.3",
			"resolved": "https://registry.npmjs.org/evp_bytestokey/-/evp_bytestokey-1.0.3.tgz",
			"integrity": "sha512-/f2Go4TognH/KvCISP7OUsHn85hT9nUkxxA9BEWxFn+Oj9o8ZNLm/40hdlgSLyuOimsrTKLUMEorQexp/aPQeA==",
			"requires": {
				"md5.js": "^1.3.4",
				"safe-buffer": "^5.1.1"
			}
		},
		"expand-template": {
			"version": "2.0.3",
			"resolved": "https://registry.npmjs.org/expand-template/-/expand-template-2.0.3.tgz",
			"integrity": "sha512-XYfuKMvj4O35f/pOXLObndIRvyQ+/+6AhODh+OKWj9S9498pHHn/IMszH+gt0fBCRWMNfk1ZSp5x3AifmnI2vg=="
		},
		"file-uri-to-path": {
			"version": "1.0.0",
			"resolved": "https://registry.npmjs.org/file-uri-to-path/-/file-uri-to-path-1.0.0.tgz",
			"integrity": "sha512-0Zt+s3L7Vf1biwWZ29aARiVYLx7iMGnEUl9x33fbB/j3jR81u/O2LbqK+Bm1CDSNDKVtJ/YjwY7TUd5SkeLQLw=="
		},
		"fs-constants": {
			"version": "1.0.0",
			"resolved": "https://registry.npmjs.org/fs-constants/-/fs-constants-1.0.0.tgz",
			"integrity": "sha512-y6OAwoSIf7FyjMIv94u+b5rdheZEjzR63GTyZJm5qh4Bi+2YgwLCcI/fPFZkL5PSixOt6ZNKm+w+Hfp/Bciwow=="
		},
		"gauge": {
			"version": "2.7.4",
			"resolved": "https://registry.npmjs.org/gauge/-/gauge-2.7.4.tgz",
			"integrity": "sha1-LANAXHU4w51+s3sxcCLjJfsBi/c=",
			"requires": {
				"aproba": "^1.0.3",
				"console-control-strings": "^1.0.0",
				"has-unicode": "^2.0.0",
				"object-assign": "^4.1.0",
				"signal-exit": "^3.0.0",
				"string-width": "^1.0.1",
				"strip-ansi": "^3.0.1",
				"wide-align": "^1.1.0"
			}
		},
		"github-from-package": {
			"version": "0.0.0",
			"resolved": "https://registry.npmjs.org/github-from-package/-/github-from-package-0.0.0.tgz",
			"integrity": "sha1-l/tdlr/eiXMxPyDoKI75oWf6ZM4="
		},
		"has-unicode": {
			"version": "2.0.1",
			"resolved": "https://registry.npmjs.org/has-unicode/-/has-unicode-2.0.1.tgz",
			"integrity": "sha1-4Ob+aijPUROIVeCG0Wkedx3iqLk="
		},
		"hash-base": {
			"version": "3.1.0",
			"resolved": "https://registry.npmjs.org/hash-base/-/hash-base-3.1.0.tgz",
			"integrity": "sha512-1nmYp/rhMDiE7AYkDw+lLwlAzz0AntGIe51F3RfFfEqyQ3feY2eI/NcwC6umIQVOASPMsWJLJScWKSSvzL9IVA==",
			"requires": {
				"inherits": "^2.0.4",
				"readable-stream": "^3.6.0",
				"safe-buffer": "^5.2.0"
			}
		},
		"hash.js": {
			"version": "1.1.7",
			"resolved": "https://registry.npmjs.org/hash.js/-/hash.js-1.1.7.tgz",
			"integrity": "sha512-taOaskGt4z4SOANNseOviYDvjEJinIkRgmp7LbKP2YTTmVxWBl87s/uzK9r+44BclBSp2X7K1hqeNfz9JbBeXA==",
			"requires": {
				"inherits": "^2.0.3",
				"minimalistic-assert": "^1.0.1"
			}
		},
		"hmac-drbg": {
			"version": "1.0.1",
			"resolved": "https://registry.npmjs.org/hmac-drbg/-/hmac-drbg-1.0.1.tgz",
			"integrity": "sha1-0nRXAQJabHdabFRXk+1QL8DGSaE=",
			"requires": {
				"hash.js": "^1.0.3",
				"minimalistic-assert": "^1.0.0",
				"minimalistic-crypto-utils": "^1.0.1"
			}
		},
		"ieee754": {
			"version": "1.2.1",
			"resolved": "https://registry.npmjs.org/ieee754/-/ieee754-1.2.1.tgz",
			"integrity": "sha512-dcyqhDvX1C46lXZcVqCpK+FtMRQVdIMN6/Df5js2zouUsqG7I6sFxitIC+7KYK29KdXOLHdu9zL4sFnoVQnqaA=="
		},
		"inherits": {
			"version": "2.0.4",
			"resolved": "https://registry.npmjs.org/inherits/-/inherits-2.0.4.tgz",
			"integrity": "sha512-k/vGaX4/Yla3WzyMCvTQOXYeIHvqOKtnqBduzTHpzpQZzAskKMhZ2K+EnBiSM9zGSoIFeMpXKxa4dYeZIQqewQ=="
		},
		"ini": {
			"version": "1.3.5",
			"resolved": "https://registry.npmjs.org/ini/-/ini-1.3.5.tgz",
			"integrity": "sha512-RZY5huIKCMRWDUqZlEi72f/lmXKMvuszcMBduliQ3nnWbx9X/ZBQO7DijMEYS9EhHBb2qacRUMtC7svLwe0lcw=="
		},
		"is-fullwidth-code-point": {
			"version": "1.0.0",
			"resolved": "https://registry.npmjs.org/is-fullwidth-code-point/-/is-fullwidth-code-point-1.0.0.tgz",
			"integrity": "sha1-754xOG8DGn8NZDr4L95QxFfvAMs=",
			"requires": {
				"number-is-nan": "^1.0.0"
			}
		},
		"is-hex-prefixed": {
			"version": "1.0.0",
			"resolved": "https://registry.npmjs.org/is-hex-prefixed/-/is-hex-prefixed-1.0.0.tgz",
			"integrity": "sha1-fY035q135dEnFIkTxXPggtd39VQ="
		},
		"isarray": {
			"version": "1.0.0",
			"resolved": "https://registry.npmjs.org/isarray/-/isarray-1.0.0.tgz",
			"integrity": "sha1-u5NdSFgsuhaMBoNJV6VKPgcSTxE="
		},
		"keccak": {
			"version": "1.4.0",
			"resolved": "https://registry.npmjs.org/keccak/-/keccak-1.4.0.tgz",
			"integrity": "sha512-eZVaCpblK5formjPjeTBik7TAg+pqnDrMHIffSvi9Lh7PQgM1+hSzakUeZFCk9DVVG0dacZJuaz2ntwlzZUIBw==",
			"requires": {
				"bindings": "^1.2.1",
				"inherits": "^2.0.3",
				"nan": "^2.2.1",
				"safe-buffer": "^5.1.0"
			}
		},
		"lodash": {
			"version": "4.17.20",
			"resolved": "https://registry.npmjs.org/lodash/-/lodash-4.17.20.tgz",
			"integrity": "sha512-PlhdFcillOINfeV7Ni6oF1TAEayyZBoZ8bcshTHqOYJYlrqzRK5hagpagky5o4HfCzzd1TRkXPMFq6cKk9rGmA=="
		},
		"md5.js": {
			"version": "1.3.5",
			"resolved": "https://registry.npmjs.org/md5.js/-/md5.js-1.3.5.tgz",
			"integrity": "sha512-xitP+WxNPcTTOgnTJcrhM0xvdPepipPSf3I8EIpGKeFLjt3PlJLIDG3u8EX53ZIubkb+5U2+3rELYpEhHhzdkg==",
			"requires": {
				"hash-base": "^3.0.0",
				"inherits": "^2.0.1",
				"safe-buffer": "^5.1.2"
			}
		},
		"mimic-response": {
			"version": "2.1.0",
			"resolved": "https://registry.npmjs.org/mimic-response/-/mimic-response-2.1.0.tgz",
			"integrity": "sha512-wXqjST+SLt7R009ySCglWBCFpjUygmCIfD790/kVbiGmUgfYGuB14PiTd5DwVxSV4NcYHjzMkoj5LjQZwTQLEA=="
		},
		"minimalistic-assert": {
			"version": "1.0.1",
			"resolved": "https://registry.npmjs.org/minimalistic-assert/-/minimalistic-assert-1.0.1.tgz",
			"integrity": "sha512-UtJcAD4yEaGtjPezWuO9wC4nwUnVH/8/Im3yEHQP4b67cXlD/Qr9hdITCU1xDbSEXg2XKNaP8jsReV7vQd00/A=="
		},
		"minimalistic-crypto-utils": {
			"version": "1.0.1",
			"resolved": "https://registry.npmjs.org/minimalistic-crypto-utils/-/minimalistic-crypto-utils-1.0.1.tgz",
			"integrity": "sha1-9sAMHAsIIkblxNmd+4x8CDsrWCo="
		},
		"minimist": {
			"version": "1.2.5",
			"resolved": "https://registry.npmjs.org/minimist/-/minimist-1.2.5.tgz",
			"integrity": "sha512-FM9nNUYrRBAELZQT3xeZQ7fmMOBg6nWNmJKTcgsJeaLstP/UODVpGsr5OhXhhXg6f+qtJ8uiZ+PUxkDWcgIXLw=="
		},
		"mkdirp-classic": {
			"version": "0.5.3",
			"resolved": "https://registry.npmjs.org/mkdirp-classic/-/mkdirp-classic-0.5.3.tgz",
			"integrity": "sha512-gKLcREMhtuZRwRAfqP3RFW+TK4JqApVBtOIftVgjuABpAtpxhPGaDcfvbhNvD0B8iD1oUr/txX35NjcaY6Ns/A=="
		},
		"ms": {
			"version": "2.1.2",
			"resolved": "https://registry.npmjs.org/ms/-/ms-2.1.2.tgz",
			"integrity": "sha512-sGkPx+VjMtmA6MX27oA4FBFELFCZZ4S4XqeGOXCv68tT+jb3vk/RyaKWP0PTKyWtmLSM0b+adUTEvbs1PEaH2w=="
		},
		"nan": {
			"version": "2.14.2",
			"resolved": "https://registry.npmjs.org/nan/-/nan-2.14.2.tgz",
			"integrity": "sha512-M2ufzIiINKCuDfBSAUr1vWQ+vuVcA9kqx8JJUsbQi6yf1uGRyb7HfpdfUr5qLXf3B/t8dPvcjhKMmlfnP47EzQ=="
		},
		"napi-build-utils": {
			"version": "1.0.2",
			"resolved": "https://registry.npmjs.org/napi-build-utils/-/napi-build-utils-1.0.2.tgz",
			"integrity": "sha512-ONmRUqK7zj7DWX0D9ADe03wbwOBZxNAfF20PlGfCWQcD3+/MakShIHrMqx9YwPTfxDdF1zLeL+RGZiR9kGMLdg=="
		},
		"node-abi": {
			"version": "2.19.3",
			"resolved": "https://registry.npmjs.org/node-abi/-/node-abi-2.19.3.tgz",
			"integrity": "sha512-9xZrlyfvKhWme2EXFKQhZRp1yNWT/uI1luYPr3sFl+H4keYY4xR+1jO7mvTTijIsHf1M+QDe9uWuKeEpLInIlg==",
			"requires": {
				"semver": "^5.4.1"
			}
		},
		"node-addon-api": {
			"version": "2.0.2",
			"resolved": "https://registry.npmjs.org/node-addon-api/-/node-addon-api-2.0.2.tgz",
			"integrity": "sha512-Ntyt4AIXyaLIuMHF6IOoTakB3K+RWxwtsHNRxllEoA6vPwP9o4866g6YWDLUdnucilZhmkxiHwHr11gAENw+QA=="
		},
		"node-gyp-build": {
			"version": "4.2.3",
			"resolved": "https://registry.npmjs.org/node-gyp-build/-/node-gyp-build-4.2.3.tgz",
			"integrity": "sha512-MN6ZpzmfNCRM+3t57PTJHgHyw/h4OWnZ6mR8P5j/uZtqQr46RRuDE/P+g3n0YR/AiYXeWixZZzaip77gdICfRg=="
		},
		"node-hid": {
			"version": "0.7.9",
			"resolved": "https://registry.npmjs.org/node-hid/-/node-hid-0.7.9.tgz",
			"integrity": "sha512-vJnonTqmq3frCyTumJqG4g2IZcny3ynkfmbfDfQ90P3ZhRzcWYS/Um1ux6HFmAxmkaQnrZqIYHcGpL7kdqY8jA==",
			"requires": {
				"bindings": "^1.5.0",
				"nan": "^2.13.2",
				"prebuild-install": "^5.3.0"
			}
		},
		"noop-logger": {
			"version": "0.1.1",
			"resolved": "https://registry.npmjs.org/noop-logger/-/noop-logger-0.1.1.tgz",
			"integrity": "sha1-lKKxYzxPExdVMAfYlm/Q6EG2pMI="
		},
		"npmlog": {
			"version": "4.1.2",
			"resolved": "https://registry.npmjs.org/npmlog/-/npmlog-4.1.2.tgz",
			"integrity": "sha512-2uUqazuKlTaSI/dC8AzicUck7+IrEaOnN/e0jd3Xtt1KcGpwx30v50mL7oPyr/h9bL3E4aZccVwpwP+5W9Vjkg==",
			"requires": {
				"are-we-there-yet": "~1.1.2",
				"console-control-strings": "~1.1.0",
				"gauge": "~2.7.3",
				"set-blocking": "~2.0.0"
			}
		},
		"number-is-nan": {
			"version": "1.0.1",
			"resolved": "https://registry.npmjs.org/number-is-nan/-/number-is-nan-1.0.1.tgz",
			"integrity": "sha1-CXtgK1NCKlIsGvuHkDGDNpQaAR0="
		},
		"object-assign": {
			"version": "4.1.1",
			"resolved": "https://registry.npmjs.org/object-assign/-/object-assign-4.1.1.tgz",
			"integrity": "sha1-IQmtx5ZYh8/AXLvUQsrIv7s2CGM="
		},
		"once": {
			"version": "1.4.0",
			"resolved": "https://registry.npmjs.org/once/-/once-1.4.0.tgz",
			"integrity": "sha1-WDsap3WWHUsROsF9nFC6753Xa9E=",
			"requires": {
				"wrappy": "1"
			}
		},
		"pbkdf2": {
			"version": "3.1.1",
			"resolved": "https://registry.npmjs.org/pbkdf2/-/pbkdf2-3.1.1.tgz",
			"integrity": "sha512-4Ejy1OPxi9f2tt1rRV7Go7zmfDQ+ZectEQz3VGUQhgq62HtIRPDyG/JtnwIxs6x3uNMwo2V7q1fMvKjb+Tnpqg==",
			"requires": {
				"create-hash": "^1.1.2",
				"create-hmac": "^1.1.4",
				"ripemd160": "^2.0.1",
				"safe-buffer": "^5.0.1",
				"sha.js": "^2.4.8"
			}
		},
		"prebuild-install": {
			"version": "5.3.6",
			"resolved": "https://registry.npmjs.org/prebuild-install/-/prebuild-install-5.3.6.tgz",
			"integrity": "sha512-s8Aai8++QQGi4sSbs/M1Qku62PFK49Jm1CbgXklGz4nmHveDq0wzJkg7Na5QbnO1uNH8K7iqx2EQ/mV0MZEmOg==",
			"requires": {
				"detect-libc": "^1.0.3",
				"expand-template": "^2.0.3",
				"github-from-package": "0.0.0",
				"minimist": "^1.2.3",
				"mkdirp-classic": "^0.5.3",
				"napi-build-utils": "^1.0.1",
				"node-abi": "^2.7.0",
				"noop-logger": "^0.1.1",
				"npmlog": "^4.0.1",
				"pump": "^3.0.0",
				"rc": "^1.2.7",
				"simple-get": "^3.0.3",
				"tar-fs": "^2.0.0",
				"tunnel-agent": "^0.6.0",
				"which-pm-runs": "^1.0.0"
			}
		},
		"process-nextick-args": {
			"version": "2.0.1",
			"resolved": "https://registry.npmjs.org/process-nextick-args/-/process-nextick-args-2.0.1.tgz",
			"integrity": "sha512-3ouUOpQhtgrbOa17J7+uxOTpITYWaGP7/AhoR3+A+/1e9skrzelGi/dXzEYyvbxubEF6Wn2ypscTKiKJFFn1ag=="
		},
		"pump": {
			"version": "3.0.0",
			"resolved": "https://registry.npmjs.org/pump/-/pump-3.0.0.tgz",
			"integrity": "sha512-LwZy+p3SFs1Pytd/jYct4wpv49HiYCqd9Rlc5ZVdk0V+8Yzv6jR5Blk3TRmPL1ft69TxP0IMZGJ+WPFU2BFhww==",
			"requires": {
				"end-of-stream": "^1.1.0",
				"once": "^1.3.1"
			}
		},
		"randombytes": {
			"version": "2.1.0",
			"resolved": "https://registry.npmjs.org/randombytes/-/randombytes-2.1.0.tgz",
			"integrity": "sha512-vYl3iOX+4CKUWuxGi9Ukhie6fsqXqS9FE2Zaic4tNFD2N2QQaXOMFbuKK4QmDHC0JO6B1Zp41J0LpT0oR68amQ==",
			"requires": {
				"safe-buffer": "^5.1.0"
			}
		},
		"rc": {
			"version": "1.2.8",
			"resolved": "https://registry.npmjs.org/rc/-/rc-1.2.8.tgz",
			"integrity": "sha512-y3bGgqKj3QBdxLbLkomlohkvsA8gdAiUQlSBJnBhfn+BPxg4bc62d8TcBW15wavDfgexCgccckhcZvywyQYPOw==",
			"requires": {
				"deep-extend": "^0.6.0",
				"ini": "~1.3.0",
				"minimist": "^1.2.0",
				"strip-json-comments": "~2.0.1"
			}
		},
		"readable-stream": {
			"version": "3.6.0",
			"resolved": "https://registry.npmjs.org/readable-stream/-/readable-stream-3.6.0.tgz",
			"integrity": "sha512-BViHy7LKeTz4oNnkcLJ+lVSL6vpiFeX6/d3oSH8zCW7UxP2onchk+vTGB143xuFjHS3deTgkKoXXymXqymiIdA==",
			"requires": {
				"inherits": "^2.0.3",
				"string_decoder": "^1.1.1",
				"util-deprecate": "^1.0.1"
			}
		},
		"regenerator-runtime": {
			"version": "0.13.7",
			"resolved": "https://registry.npmjs.org/regenerator-runtime/-/regenerator-runtime-0.13.7.tgz",
			"integrity": "sha512-a54FxoJDIr27pgf7IgeQGxmqUNYrcV338lf/6gH456HZ/PhX+5BcwHXG9ajESmwe6WRO0tAzRUrRmNONWgkrew=="
		},
		"ripemd160": {
			"version": "2.0.2",
			"resolved": "https://registry.npmjs.org/ripemd160/-/ripemd160-2.0.2.tgz",
			"integrity": "sha512-ii4iagi25WusVoiC4B4lq7pbXfAp3D9v5CwfkY33vffw2+pkDjY1D8GaN7spsxvCSx8dkPqOZCEZyfxcmJG2IA==",
			"requires": {
				"hash-base": "^3.0.0",
				"inherits": "^2.0.1"
			}
		},
		"rlp": {
			"version": "2.2.6",
			"resolved": "https://registry.npmjs.org/rlp/-/rlp-2.2.6.tgz",
			"integrity": "sha512-HAfAmL6SDYNWPUOJNrM500x4Thn4PZsEy5pijPh40U9WfNk0z15hUYzO9xVIMAdIHdFtD8CBDHd75Td1g36Mjg==",
			"requires": {
				"bn.js": "^4.11.1"
			}
		},
		"rxjs": {
			"version": "6.6.3",
			"resolved": "https://registry.npmjs.org/rxjs/-/rxjs-6.6.3.tgz",
			"integrity": "sha512-trsQc+xYYXZ3urjOiJOuCOa5N3jAZ3eiSpQB5hIT8zGlL2QfnHLJ2r7GMkBGuIausdJN1OneaI6gQlsqNHHmZQ==",
			"requires": {
				"tslib": "^1.9.0"
			}
		},
		"safe-buffer": {
			"version": "5.2.1",
			"resolved": "https://registry.npmjs.org/safe-buffer/-/safe-buffer-5.2.1.tgz",
			"integrity": "sha512-rp3So07KcdmmKbGvgaNxQSJr7bGVSVk5S9Eq1F+ppbRo70+YeaDxkw5Dd8NPN+GD6bjnYm2VuPuCXmpuYvmCXQ=="
		},
		"scrypt-js": {
			"version": "3.0.1",
			"resolved": "https://registry.npmjs.org/scrypt-js/-/scrypt-js-3.0.1.tgz",
			"integrity": "sha512-cdwTTnqPu0Hyvf5in5asVdZocVDTNRmR7XEcJuIzMjJeSHybHl7vpB66AzwTaIg6CLSbtjcxc8fqcySfnTkccA=="
		},
		"secp256k1": {
			"version": "4.0.2",
			"resolved": "https://registry.npmjs.org/secp256k1/-/secp256k1-4.0.2.tgz",
			"integrity": "sha512-UDar4sKvWAksIlfX3xIaQReADn+WFnHvbVujpcbr+9Sf/69odMwy2MUsz5CKLQgX9nsIyrjuxL2imVyoNHa3fg==",
			"requires": {
				"elliptic": "^6.5.2",
				"node-addon-api": "^2.0.0",
				"node-gyp-build": "^4.2.0"
			}
		},
		"semver": {
			"version": "5.7.1",
			"resolved": "https://registry.npmjs.org/semver/-/semver-5.7.1.tgz",
			"integrity": "sha512-sauaDf/PZdVgrLTNYHRtpXa1iRiKcaebiKQ1BJdpQlWH2lCvexQdX55snPFyK7QzpudqbCI0qXFfOasHdyNDGQ=="
		},
		"set-blocking": {
			"version": "2.0.0",
			"resolved": "https://registry.npmjs.org/set-blocking/-/set-blocking-2.0.0.tgz",
			"integrity": "sha1-BF+XgtARrppoA93TgrJDkrPYkPc="
		},
		"setimmediate": {
			"version": "1.0.5",
			"resolved": "https://registry.npmjs.org/setimmediate/-/setimmediate-1.0.5.tgz",
			"integrity": "sha1-KQy7Iy4waULX1+qbg3Mqt4VvgoU="
		},
		"sha.js": {
			"version": "2.4.11",
			"resolved": "https://registry.npmjs.org/sha.js/-/sha.js-2.4.11.tgz",
			"integrity": "sha512-QMEp5B7cftE7APOjk5Y6xgrbWu+WkLVQwk8JNjZ8nKRciZaByEW6MubieAiToS7+dwvrjGhH8jRXz3MVd0AYqQ==",
			"requires": {
				"inherits": "^2.0.1",
				"safe-buffer": "^5.0.1"
			}
		},
		"signal-exit": {
			"version": "3.0.3",
			"resolved": "https://registry.npmjs.org/signal-exit/-/signal-exit-3.0.3.tgz",
			"integrity": "sha512-VUJ49FC8U1OxwZLxIbTTrDvLnf/6TDgxZcK8wxR8zs13xpx7xbG60ndBlhNrFi2EMuFRoeDoJO7wthSLq42EjA=="
		},
		"simple-concat": {
			"version": "1.0.1",
			"resolved": "https://registry.npmjs.org/simple-concat/-/simple-concat-1.0.1.tgz",
			"integrity": "sha512-cSFtAPtRhljv69IK0hTVZQ+OfE9nePi/rtJmw5UjHeVyVroEqJXP1sFztKUy1qU+xvz3u/sfYJLa947b7nAN2Q=="
		},
		"simple-get": {
			"version": "3.1.0",
			"resolved": "https://registry.npmjs.org/simple-get/-/simple-get-3.1.0.tgz",
			"integrity": "sha512-bCR6cP+aTdScaQCnQKbPKtJOKDp/hj9EDLJo3Nw4y1QksqaovlW/bnptB6/c1e+qmNIDHRK+oXFDdEqBT8WzUA==",
			"requires": {
				"decompress-response": "^4.2.0",
				"once": "^1.3.1",
				"simple-concat": "^1.0.0"
			}
		},
		"standard-error": {
			"version": "1.1.0",
			"resolved": "https://registry.npmjs.org/standard-error/-/standard-error-1.1.0.tgz",
			"integrity": "sha1-I+UWj6HAggGJ5YEnAaeQWFENDTQ="
		},
		"string-width": {
			"version": "1.0.2",
			"resolved": "https://registry.npmjs.org/string-width/-/string-width-1.0.2.tgz",
			"integrity": "sha1-EYvfW4zcUaKn5w0hHgfisLmxB9M=",
			"requires": {
				"code-point-at": "^1.0.0",
				"is-fullwidth-code-point": "^1.0.0",
				"strip-ansi": "^3.0.0"
			}
		},
		"string_decoder": {
			"version": "1.3.0",
			"resolved": "https://registry.npmjs.org/string_decoder/-/string_decoder-1.3.0.tgz",
			"integrity": "sha512-hkRX8U1WjJFd8LsDJ2yQ/wWWxaopEsABU1XfkM8A+j0+85JAGppt16cr1Whg6KIbb4okU6Mql6BOj+uup/wKeA==",
			"requires": {
				"safe-buffer": "~5.2.0"
			}
		},
		"strip-ansi": {
			"version": "3.0.1",
			"resolved": "https://registry.npmjs.org/strip-ansi/-/strip-ansi-3.0.1.tgz",
			"integrity": "sha1-ajhfuIU9lS1f8F0Oiq+UJ43GPc8=",
			"requires": {
				"ansi-regex": "^2.0.0"
			}
		},
		"strip-hex-prefix": {
			"version": "1.0.0",
			"resolved": "https://registry.npmjs.org/strip-hex-prefix/-/strip-hex-prefix-1.0.0.tgz",
			"integrity": "sha1-DF8VX+8RUTczd96du1iNoFUA428=",
			"requires": {
				"is-hex-prefixed": "1.0.0"
			}
		},
		"strip-json-comments": {
			"version": "2.0.1",
			"resolved": "https://registry.npmjs.org/strip-json-comments/-/strip-json-comments-2.0.1.tgz",
			"integrity": "sha1-PFMZQukIwml8DsNEhYwobHygpgo="
		},
		"tar-fs": {
			"version": "2.1.1",
			"resolved": "https://registry.npmjs.org/tar-fs/-/tar-fs-2.1.1.tgz",
			"integrity": "sha512-V0r2Y9scmbDRLCNex/+hYzvp/zyYjvFbHPNgVTKfQvVrb6guiE/fxP+XblDNR011utopbkex2nM4dHNV6GDsng==",
			"requires": {
				"chownr": "^1.1.1",
				"mkdirp-classic": "^0.5.2",
				"pump": "^3.0.0",
				"tar-stream": "^2.1.4"
			}
		},
		"tar-stream": {
			"version": "2.1.4",
			"resolved": "https://registry.npmjs.org/tar-stream/-/tar-stream-2.1.4.tgz",
			"integrity": "sha512-o3pS2zlG4gxr67GmFYBLlq+dM8gyRGUOvsrHclSkvtVtQbjV0s/+ZE8OpICbaj8clrX3tjeHngYGP7rweaBnuw==",
			"requires": {
				"bl": "^4.0.3",
				"end-of-stream": "^1.4.1",
				"fs-constants": "^1.0.0",
				"inherits": "^2.0.3",
				"readable-stream": "^3.1.1"
			}
		},
		"tslib": {
			"version": "1.14.1",
			"resolved": "https://registry.npmjs.org/tslib/-/tslib-1.14.1.tgz",
			"integrity": "sha512-Xni35NKzjgMrwevysHTCArtLDpPvye8zV/0E4EyYn43P7/7qvQwPh9BGkHewbMulVntbigmcT7rdX3BNo9wRJg=="
		},
		"tunnel-agent": {
			"version": "0.6.0",
			"resolved": "https://registry.npmjs.org/tunnel-agent/-/tunnel-agent-0.6.0.tgz",
			"integrity": "sha1-J6XeoGs2sEoKmWZ3SykIaPD8QP0=",
			"requires": {
				"safe-buffer": "^5.0.1"
			}
		},
		"u2f-api": {
			"version": "0.2.7",
			"resolved": "https://registry.npmjs.org/u2f-api/-/u2f-api-0.2.7.tgz",
			"integrity": "sha512-fqLNg8vpvLOD5J/z4B6wpPg4Lvowz1nJ9xdHcCzdUPKcFE/qNCceV2gNZxSJd5vhAZemHr/K/hbzVA0zxB5mkg=="
		},
		"usb": {
			"version": "1.6.3",
			"resolved": "https://registry.npmjs.org/usb/-/usb-1.6.3.tgz",
			"integrity": "sha512-23KYMjaWydACd8wgGKMQ4MNwFspAT6Xeim4/9Onqe5Rz/nMb4TM/WHL+qPT0KNFxzNKzAs63n1xQWGEtgaQ2uw==",
			"requires": {
				"bindings": "^1.4.0",
				"nan": "2.13.2",
				"prebuild-install": "^5.3.3"
			},
			"dependencies": {
				"nan": {
					"version": "2.13.2",
					"resolved": "https://registry.npmjs.org/nan/-/nan-2.13.2.tgz",
					"integrity": "sha512-TghvYc72wlMGMVMluVo9WRJc0mB8KxxF/gZ4YYFy7V2ZQX9l7rgbPg7vjS9mt6U5HXODVFVI2bOduCzwOMv/lw=="
				}
			}
		},
		"util-deprecate": {
			"version": "1.0.2",
			"resolved": "https://registry.npmjs.org/util-deprecate/-/util-deprecate-1.0.2.tgz",
			"integrity": "sha1-RQ1Nyfpw3nMnYvvS1KKJgUGaDM8="
		},
		"which-pm-runs": {
			"version": "1.0.0",
			"resolved": "https://registry.npmjs.org/which-pm-runs/-/which-pm-runs-1.0.0.tgz",
			"integrity": "sha1-Zws6+8VS4LVd9rd4DKdGFfI60cs="
		},
		"wide-align": {
			"version": "1.1.3",
			"resolved": "https://registry.npmjs.org/wide-align/-/wide-align-1.1.3.tgz",
			"integrity": "sha512-QGkOQc8XL6Bt5PwnsExKBPuMKBxnGxWWW3fU55Xt4feHozMUhdUMaBCk290qpm/wG5u/RSKzwdAC4i51YigihA==",
			"requires": {
				"string-width": "^1.0.2 || 2"
			}
		},
		"wrappy": {
			"version": "1.0.2",
			"resolved": "https://registry.npmjs.org/wrappy/-/wrappy-1.0.2.tgz",
			"integrity": "sha1-tSQ9jz7BqjXxNkYFvA0QNuMKtp8="
		}
	}
}
